// !$*UTF8*$!
{
	archiveVersion = 1;
	classes = {
	};
	objectVersion = 55;
	objects = {

/* Begin PBXBuildFile section */
		C5AEF645282F36C700BB1EC5 /* StationResponseModel.swift in Sources */ = {isa = PBXBuildFile; fileRef = C5AEF644282F36C700BB1EC5 /* StationResponseModel.swift */; };
		C5AEF647282F3D7100BB1EC5 /* StationArrivalDatResponsModel.swift in Sources */ = {isa = PBXBuildFile; fileRef = C5AEF646282F3D7100BB1EC5 /* StationArrivalDatResponsModel.swift */; };
		C5F27D04282B4765000A4540 /* AppDelegate.swift in Sources */ = {isa = PBXBuildFile; fileRef = C5F27D03282B4765000A4540 /* AppDelegate.swift */; };
		C5F27D06282B4765000A4540 /* SceneDelegate.swift in Sources */ = {isa = PBXBuildFile; fileRef = C5F27D05282B4765000A4540 /* SceneDelegate.swift */; };
		C5F27D08282B4765000A4540 /* StationSearchViewController.swift in Sources */ = {isa = PBXBuildFile; fileRef = C5F27D07282B4765000A4540 /* StationSearchViewController.swift */; };
		C5F27D0B282B4765000A4540 /* Main.storyboard in Resources */ = {isa = PBXBuildFile; fileRef = C5F27D09282B4765000A4540 /* Main.storyboard */; };
		C5F27D0D282B4769000A4540 /* Assets.xcassets in Resources */ = {isa = PBXBuildFile; fileRef = C5F27D0C282B4769000A4540 /* Assets.xcassets */; };
		C5F27D10282B4769000A4540 /* LaunchScreen.storyboard in Resources */ = {isa = PBXBuildFile; fileRef = C5F27D0E282B4769000A4540 /* LaunchScreen.storyboard */; };
		C5F27D19282B4780000A4540 /* SnapKit in Frameworks */ = {isa = PBXBuildFile; productRef = C5F27D18282B4780000A4540 /* SnapKit */; };
		C5F27D1C282B47C9000A4540 /* Alamofire in Frameworks */ = {isa = PBXBuildFile; productRef = C5F27D1B282B47C9000A4540 /* Alamofire */; };
		C5F27D1F282B5B5D000A4540 /* StationDetailViewController.swift in Sources */ = {isa = PBXBuildFile; fileRef = C5F27D1E282B5B5D000A4540 /* StationDetailViewController.swift */; };
		C5F27D21282B613A000A4540 /* StationDetailCollectionViewCell.swift in Sources */ = {isa = PBXBuildFile; fileRef = C5F27D20282B613A000A4540 /* StationDetailCollectionViewCell.swift */; };
/* End PBXBuildFile section */

/* Begin PBXFileReference section */
		C5AEF644282F36C700BB1EC5 /* StationResponseModel.swift */ = {isa = PBXFileReference; lastKnownFileType = sourcecode.swift; path = StationResponseModel.swift; sourceTree = "<group>"; };
		C5AEF646282F3D7100BB1EC5 /* StationArrivalDatResponsModel.swift */ = {isa = PBXFileReference; lastKnownFileType = sourcecode.swift; path = StationArrivalDatResponsModel.swift; sourceTree = "<group>"; };
		C5F27D00282B4765000A4540 /* SubwayStation.app */ = {isa = PBXFileReference; explicitFileType = wrapper.application; includeInIndex = 0; path = SubwayStation.app; sourceTree = BUILT_PRODUCTS_DIR; };
		C5F27D03282B4765000A4540 /* AppDelegate.swift */ = {isa = PBXFileReference; lastKnownFileType = sourcecode.swift; path = AppDelegate.swift; sourceTree = "<group>"; };
		C5F27D05282B4765000A4540 /* SceneDelegate.swift */ = {isa = PBXFileReference; lastKnownFileType = sourcecode.swift; path = SceneDelegate.swift; sourceTree = "<group>"; };
		C5F27D07282B4765000A4540 /* StationSearchViewController.swift */ = {isa = PBXFileReference; lastKnownFileType = sourcecode.swift; path = StationSearchViewController.swift; sourceTree = "<group>"; };
		C5F27D0A282B4765000A4540 /* Base */ = {isa = PBXFileReference; lastKnownFileType = file.storyboard; name = Base; path = Base.lproj/Main.storyboard; sourceTree = "<group>"; };
		C5F27D0C282B4769000A4540 /* Assets.xcassets */ = {isa = PBXFileReference; lastKnownFileType = folder.assetcatalog; path = Assets.xcassets; sourceTree = "<group>"; };
		C5F27D0F282B4769000A4540 /* Base */ = {isa = PBXFileReference; lastKnownFileType = file.storyboard; name = Base; path = Base.lproj/LaunchScreen.storyboard; sourceTree = "<group>"; };
		C5F27D11282B4769000A4540 /* Info.plist */ = {isa = PBXFileReference; lastKnownFileType = text.plist.xml; path = Info.plist; sourceTree = "<group>"; };
		C5F27D1E282B5B5D000A4540 /* StationDetailViewController.swift */ = {isa = PBXFileReference; lastKnownFileType = sourcecode.swift; path = StationDetailViewController.swift; sourceTree = "<group>"; };
		C5F27D20282B613A000A4540 /* StationDetailCollectionViewCell.swift */ = {isa = PBXFileReference; lastKnownFileType = sourcecode.swift; path = StationDetailCollectionViewCell.swift; sourceTree = "<group>"; };
/* End PBXFileReference section */

/* Begin PBXFrameworksBuildPhase section */
		C5F27CFD282B4765000A4540 /* Frameworks */ = {
			isa = PBXFrameworksBuildPhase;
			buildActionMask = 2147483647;
			files = (
				C5F27D19282B4780000A4540 /* SnapKit in Frameworks */,
				C5F27D1C282B47C9000A4540 /* Alamofire in Frameworks */,
			);
			runOnlyForDeploymentPostprocessing = 0;
		};
/* End PBXFrameworksBuildPhase section */

/* Begin PBXGroup section */
		C5F27CF7282B4765000A4540 = {
			isa = PBXGroup;
			children = (
				C5F27D02282B4765000A4540 /* SubwayStation */,
				C5F27D01282B4765000A4540 /* Products */,
			);
			sourceTree = "<group>";
		};
		C5F27D01282B4765000A4540 /* Products */ = {
			isa = PBXGroup;
			children = (
				C5F27D00282B4765000A4540 /* SubwayStation.app */,
			);
			name = Products;
			sourceTree = "<group>";
		};
		C5F27D02282B4765000A4540 /* SubwayStation */ = {
			isa = PBXGroup;
			children = (
				C5F27D03282B4765000A4540 /* AppDelegate.swift */,
				C5F27D05282B4765000A4540 /* SceneDelegate.swift */,
				C5F27D1D282B5B46000A4540 /* Scenes */,
				C5F27D09282B4765000A4540 /* Main.storyboard */,
				C5F27D0C282B4769000A4540 /* Assets.xcassets */,
				C5F27D0E282B4769000A4540 /* LaunchScreen.storyboard */,
				C5F27D11282B4769000A4540 /* Info.plist */,
				C5AEF644282F36C700BB1EC5 /* StationResponseModel.swift */,
				C5AEF646282F3D7100BB1EC5 /* StationArrivalDatResponsModel.swift */,
			);
			path = SubwayStation;
			sourceTree = "<group>";
		};
		C5F27D1D282B5B46000A4540 /* Scenes */ = {
			isa = PBXGroup;
			children = (
				C5F27D07282B4765000A4540 /* StationSearchViewController.swift */,
				C5F27D1E282B5B5D000A4540 /* StationDetailViewController.swift */,
				C5F27D20282B613A000A4540 /* StationDetailCollectionViewCell.swift */,
			);
			path = Scenes;
			sourceTree = "<group>";
		};
/* End PBXGroup section */

/* Begin PBXNativeTarget section */
		C5F27CFF282B4765000A4540 /* SubwayStation */ = {
			isa = PBXNativeTarget;
			buildConfigurationList = C5F27D14282B4769000A4540 /* Build configuration list for PBXNativeTarget "SubwayStation" */;
			buildPhases = (
				C5F27CFC282B4765000A4540 /* Sources */,
				C5F27CFD282B4765000A4540 /* Frameworks */,
				C5F27CFE282B4765000A4540 /* Resources */,
			);
			buildRules = (
			);
			dependencies = (
			);
			name = SubwayStation;
			packageProductDependencies = (
				C5F27D18282B4780000A4540 /* SnapKit */,
				C5F27D1B282B47C9000A4540 /* Alamofire */,
			);
			productName = SubwayStation;
			productReference = C5F27D00282B4765000A4540 /* SubwayStation.app */;
			productType = "com.apple.product-type.application";
		};
/* End PBXNativeTarget section */

/* Begin PBXProject section */
		C5F27CF8282B4765000A4540 /* Project object */ = {
			isa = PBXProject;
			attributes = {
				BuildIndependentTargetsInParallel = 1;
				LastSwiftUpdateCheck = 1330;
				LastUpgradeCheck = 1330;
				TargetAttributes = {
					C5F27CFF282B4765000A4540 = {
						CreatedOnToolsVersion = 13.3.1;
					};
				};
			};
			buildConfigurationList = C5F27CFB282B4765000A4540 /* Build configuration list for PBXProject "SubwayStation" */;
			compatibilityVersion = "Xcode 13.0";
			developmentRegion = en;
			hasScannedForEncodings = 0;
			knownRegions = (
				en,
				Base,
			);
			mainGroup = C5F27CF7282B4765000A4540;
			packageReferences = (
				C5F27D17282B4780000A4540 /* XCRemoteSwiftPackageReference "SnapKit" */,
				C5F27D1A282B47C9000A4540 /* XCRemoteSwiftPackageReference "Alamofire" */,
			);
			productRefGroup = C5F27D01282B4765000A4540 /* Products */;
			projectDirPath = "";
			projectRoot = "";
			targets = (
				C5F27CFF282B4765000A4540 /* SubwayStation */,
			);
		};
/* End PBXProject section */

/* Begin PBXResourcesBuildPhase section */
		C5F27CFE282B4765000A4540 /* Resources */ = {
			isa = PBXResourcesBuildPhase;
			buildActionMask = 2147483647;
			files = (
				C5F27D10282B4769000A4540 /* LaunchScreen.storyboard in Resources */,
				C5F27D0D282B4769000A4540 /* Assets.xcassets in Resources */,
				C5F27D0B282B4765000A4540 /* Main.storyboard in Resources */,
			);
			runOnlyForDeploymentPostprocessing = 0;
		};
/* End PBXResourcesBuildPhase section */

/* Begin PBXSourcesBuildPhase section */
		C5F27CFC282B4765000A4540 /* Sources */ = {
			isa = PBXSourcesBuildPhase;
			buildActionMask = 2147483647;
			files = (
				C5F27D1F282B5B5D000A4540 /* StationDetailViewController.swift in Sources */,
				C5AEF645282F36C700BB1EC5 /* StationResponseModel.swift in Sources */,
				C5AEF647282F3D7100BB1EC5 /* StationArrivalDatResponsModel.swift in Sources */,
				C5F27D08282B4765000A4540 /* StationSearchViewController.swift in Sources */,
				C5F27D04282B4765000A4540 /* AppDelegate.swift in Sources */,
				C5F27D21282B613A000A4540 /* StationDetailCollectionViewCell.swift in Sources */,
				C5F27D06282B4765000A4540 /* SceneDelegate.swift in Sources */,
			);
			runOnlyForDeploymentPostprocessing = 0;
		};
/* End PBXSourcesBuildPhase section */

/* Begin PBXVariantGroup section */
		C5F27D09282B4765000A4540 /* Main.storyboard */ = {
			isa = PBXVariantGroup;
			children = (
				C5F27D0A282B4765000A4540 /* Base */,
			);
			name = Main.storyboard;
			sourceTree = "<group>";
		};
		C5F27D0E282B4769000A4540 /* LaunchScreen.storyboard */ = {
			isa = PBXVariantGroup;
			children = (
				C5F27D0F282B4769000A4540 /* Base */,
			);
			name = LaunchScreen.storyboard;
			sourceTree = "<group>";
		};
/* End PBXVariantGroup section */

/* Begin XCBuildConfiguration section */
		C5F27D12282B4769000A4540 /* Debug */ = {
			isa = XCBuildConfiguration;
			buildSettings = {
				ALWAYS_SEARCH_USER_PATHS = NO;
				CLANG_ANALYZER_NONNULL = YES;
				CLANG_ANALYZER_NUMBER_OBJECT_CONVERSION = YES_AGGRESSIVE;
				CLANG_CXX_LANGUAGE_STANDARD = "gnu++17";
				CLANG_ENABLE_MODULES = YES;
				CLANG_ENABLE_OBJC_ARC = YES;
				CLANG_ENABLE_OBJC_WEAK = YES;
				CLANG_WARN_BLOCK_CAPTURE_AUTORELEASING = YES;
				CLANG_WARN_BOOL_CONVERSION = YES;
				CLANG_WARN_COMMA = YES;
				CLANG_WARN_CONSTANT_CONVERSION = YES;
				CLANG_WARN_DEPRECATED_OBJC_IMPLEMENTATIONS = YES;
				CLANG_WARN_DIRECT_OBJC_ISA_USAGE = YES_ERROR;
				CLANG_WARN_DOCUMENTATION_COMMENTS = YES;
				CLANG_WARN_EMPTY_BODY = YES;
				CLANG_WARN_ENUM_CONVERSION = YES;
				CLANG_WARN_INFINITE_RECURSION = YES;
				CLANG_WARN_INT_CONVERSION = YES;
				CLANG_WARN_NON_LITERAL_NULL_CONVERSION = YES;
				CLANG_WARN_OBJC_IMPLICIT_RETAIN_SELF = YES;
				CLANG_WARN_OBJC_LITERAL_CONVERSION = YES;
				CLANG_WARN_OBJC_ROOT_CLASS = YES_ERROR;
				CLANG_WARN_QUOTED_INCLUDE_IN_FRAMEWORK_HEADER = YES;
				CLANG_WARN_RANGE_LOOP_ANALYSIS = YES;
				CLANG_WARN_STRICT_PROTOTYPES = YES;
				CLANG_WARN_SUSPICIOUS_MOVE = YES;
				CLANG_WARN_UNGUARDED_AVAILABILITY = YES_AGGRESSIVE;
				CLANG_WARN_UNREACHABLE_CODE = YES;
				CLANG_WARN__DUPLICATE_METHOD_MATCH = YES;
				COPY_PHASE_STRIP = NO;
				DEBUG_INFORMATION_FORMAT = dwarf;
				ENABLE_STRICT_OBJC_MSGSEND = YES;
				ENABLE_TESTABILITY = YES;
				GCC_C_LANGUAGE_STANDARD = gnu11;
				GCC_DYNAMIC_NO_PIC = NO;
				GCC_NO_COMMON_BLOCKS = YES;
				GCC_OPTIMIZATION_LEVEL = 0;
				GCC_PREPROCESSOR_DEFINITIONS = (
					"DEBUG=1",
					"$(inherited)",
				);
				GCC_WARN_64_TO_32_BIT_CONVERSION = YES;
				GCC_WARN_ABOUT_RETURN_TYPE = YES_ERROR;
				GCC_WARN_UNDECLARED_SELECTOR = YES;
				GCC_WARN_UNINITIALIZED_AUTOS = YES_AGGRESSIVE;
				GCC_WARN_UNUSED_FUNCTION = YES;
				GCC_WARN_UNUSED_VARIABLE = YES;
				IPHONEOS_DEPLOYMENT_TARGET = 15.4;
				MTL_ENABLE_DEBUG_INFO = INCLUDE_SOURCE;
				MTL_FAST_MATH = YES;
				ONLY_ACTIVE_ARCH = YES;
				SDKROOT = iphoneos;
				SWIFT_ACTIVE_COMPILATION_CONDITIONS = DEBUG;
				SWIFT_OPTIMIZATION_LEVEL = "-Onone";
			};
			name = Debug;
		};
		C5F27D13282B4769000A4540 /* Release */ = {
			isa = XCBuildConfiguration;
			buildSettings = {
				ALWAYS_SEARCH_USER_PATHS = NO;
				CLANG_ANALYZER_NONNULL = YES;
				CLANG_ANALYZER_NUMBER_OBJECT_CONVERSION = YES_AGGRESSIVE;
				CLANG_CXX_LANGUAGE_STANDARD = "gnu++17";
				CLANG_ENABLE_MODULES = YES;
				CLANG_ENABLE_OBJC_ARC = YES;
				CLANG_ENABLE_OBJC_WEAK = YES;
				CLANG_WARN_BLOCK_CAPTURE_AUTORELEASING = YES;
				CLANG_WARN_BOOL_CONVERSION = YES;
				CLANG_WARN_COMMA = YES;
				CLANG_WARN_CONSTANT_CONVERSION = YES;
				CLANG_WARN_DEPRECATED_OBJC_IMPLEMENTATIONS = YES;
				CLANG_WARN_DIRECT_OBJC_ISA_USAGE = YES_ERROR;
				CLANG_WARN_DOCUMENTATION_COMMENTS = YES;
				CLANG_WARN_EMPTY_BODY = YES;
				CLANG_WARN_ENUM_CONVERSION = YES;
				CLANG_WARN_INFINITE_RECURSION = YES;
				CLANG_WARN_INT_CONVERSION = YES;
				CLANG_WARN_NON_LITERAL_NULL_CONVERSION = YES;
				CLANG_WARN_OBJC_IMPLICIT_RETAIN_SELF = YES;
				CLANG_WARN_OBJC_LITERAL_CONVERSION = YES;
				CLANG_WARN_OBJC_ROOT_CLASS = YES_ERROR;
				CLANG_WARN_QUOTED_INCLUDE_IN_FRAMEWORK_HEADER = YES;
				CLANG_WARN_RANGE_LOOP_ANALYSIS = YES;
				CLANG_WARN_STRICT_PROTOTYPES = YES;
				CLANG_WARN_SUSPICIOUS_MOVE = YES;
				CLANG_WARN_UNGUARDED_AVAILABILITY = YES_AGGRESSIVE;
				CLANG_WARN_UNREACHABLE_CODE = YES;
				CLANG_WARN__DUPLICATE_METHOD_MATCH = YES;
				COPY_PHASE_STRIP = NO;
				DEBUG_INFORMATION_FORMAT = "dwarf-with-dsym";
				ENABLE_NS_ASSERTIONS = NO;
				ENABLE_STRICT_OBJC_MSGSEND = YES;
				GCC_C_LANGUAGE_STANDARD = gnu11;
				GCC_NO_COMMON_BLOCKS = YES;
				GCC_WARN_64_TO_32_BIT_CONVERSION = YES;
				GCC_WARN_ABOUT_RETURN_TYPE = YES_ERROR;
				GCC_WARN_UNDECLARED_SELECTOR = YES;
				GCC_WARN_UNINITIALIZED_AUTOS = YES_AGGRESSIVE;
				GCC_WARN_UNUSED_FUNCTION = YES;
				GCC_WARN_UNUSED_VARIABLE = YES;
				IPHONEOS_DEPLOYMENT_TARGET = 15.4;
				MTL_ENABLE_DEBUG_INFO = NO;
				MTL_FAST_MATH = YES;
				SDKROOT = iphoneos;
				SWIFT_COMPILATION_MODE = wholemodule;
				SWIFT_OPTIMIZATION_LEVEL = "-O";
				VALIDATE_PRODUCT = YES;
			};
			name = Release;
		};
		C5F27D15282B4769000A4540 /* Debug */ = {
			isa = XCBuildConfiguration;
			buildSettings = {
				ASSETCATALOG_COMPILER_APPICON_NAME = AppIcon;
				ASSETCATALOG_COMPILER_GLOBAL_ACCENT_COLOR_NAME = AccentColor;
				CODE_SIGN_STYLE = Automatic;
				CURRENT_PROJECT_VERSION = 1;
				GENERATE_INFOPLIST_FILE = YES;
				INFOPLIST_FILE = SubwayStation/Info.plist;
				INFOPLIST_KEY_UIApplicationSupportsIndirectInputEvents = YES;
				INFOPLIST_KEY_UILaunchStoryboardName = LaunchScreen;
				INFOPLIST_KEY_UISupportedInterfaceOrientations_iPad = "UIInterfaceOrientationPortrait UIInterfaceOrientationPortraitUpsideDown UIInterfaceOrientationLandscapeLeft UIInterfaceOrientationLandscapeRight";
				INFOPLIST_KEY_UISupportedInterfaceOrientations_iPhone = "UIInterfaceOrientationPortrait UIInterfaceOrientationLandscapeLeft UIInterfaceOrientationLandscapeRight";
				LD_RUNPATH_SEARCH_PATHS = (
					"$(inherited)",
					"@executable_path/Frameworks",
				);
				MARKETING_VERSION = 1.0;
				PRODUCT_BUNDLE_IDENTIFIER = com.SubwayStation;
				PRODUCT_NAME = "$(TARGET_NAME)";
				SWIFT_EMIT_LOC_STRINGS = YES;
				SWIFT_VERSION = 5.0;
				TARGETED_DEVICE_FAMILY = "1,2";
			};
			name = Debug;
		};
		C5F27D16282B4769000A4540 /* Release */ = {
			isa = XCBuildConfiguration;
			buildSettings = {
				ASSETCATALOG_COMPILER_APPICON_NAME = AppIcon;
				ASSETCATALOG_COMPILER_GLOBAL_ACCENT_COLOR_NAME = AccentColor;
				CODE_SIGN_STYLE = Automatic;
				CURRENT_PROJECT_VERSION = 1;
				GENERATE_INFOPLIST_FILE = YES;
				INFOPLIST_FILE = SubwayStation/Info.plist;
				INFOPLIST_KEY_UIApplicationSupportsIndirectInputEvents = YES;
				INFOPLIST_KEY_UILaunchStoryboardName = LaunchScreen;
				INFOPLIST_KEY_UISupportedInterfaceOrientations_iPad = "UIInterfaceOrientationPortrait UIInterfaceOrientationPortraitUpsideDown UIInterfaceOrientationLandscapeLeft UIInterfaceOrientationLandscapeRight";
				INFOPLIST_KEY_UISupportedInterfaceOrientations_iPhone = "UIInterfaceOrientationPortrait UIInterfaceOrientationLandscapeLeft UIInterfaceOrientationLandscapeRight";
				LD_RUNPATH_SEARCH_PATHS = (
					"$(inherited)",
					"@executable_path/Frameworks",
				);
				MARKETING_VERSION = 1.0;
				PRODUCT_BUNDLE_IDENTIFIER = com.SubwayStation;
				PRODUCT_NAME = "$(TARGET_NAME)";
				SWIFT_EMIT_LOC_STRINGS = YES;
				SWIFT_VERSION = 5.0;
				TARGETED_DEVICE_FAMILY = "1,2";
			};
			name = Release;
		};
/* End XCBuildConfiguration section */

/* Begin XCConfigurationList section */
		C5F27CFB282B4765000A4540 /* Build configuration list for PBXProject "SubwayStation" */ = {
			isa = XCConfigurationList;
			buildConfigurations = (
				C5F27D12282B4769000A4540 /* Debug */,
				C5F27D13282B4769000A4540 /* Release */,
			);
			defaultConfigurationIsVisible = 0;
			defaultConfigurationName = Release;
		};
		C5F27D14282B4769000A4540 /* Build configuration list for PBXNativeTarget "SubwayStation" */ = {
			isa = XCConfigurationList;
			buildConfigurations = (
				C5F27D15282B4769000A4540 /* Debug */,
				C5F27D16282B4769000A4540 /* Release */,
			);
			defaultConfigurationIsVisible = 0;
			defaultConfigurationName = Release;
		};
/* End XCConfigurationList section */

/* Begin XCRemoteSwiftPackageReference section */
		C5F27D17282B4780000A4540 /* XCRemoteSwiftPackageReference "SnapKit" */ = {
			isa = XCRemoteSwiftPackageReference;
			repositoryURL = "https://github.com/SnapKit/SnapKit.git";
			requirement = {
				kind = upToNextMajorVersion;
				minimumVersion = 5.0.0;
			};
		};
		C5F27D1A282B47C9000A4540 /* XCRemoteSwiftPackageReference "Alamofire" */ = {
			isa = XCRemoteSwiftPackageReference;
			repositoryURL = "https://github.com/Alamofire/Alamofire.git";
			requirement = {
				kind = upToNextMajorVersion;
				minimumVersion = 5.0.0;
			};
		};
/* End XCRemoteSwiftPackageReference section */

/* Begin XCSwiftPackageProductDependency section */
		C5F27D18282B4780000A4540 /* SnapKit */ = {
			isa = XCSwiftPackageProductDependency;
			package = C5F27D17282B4780000A4540 /* XCRemoteSwiftPackageReference "SnapKit" */;
			productName = SnapKit;
		};
		C5F27D1B282B47C9000A4540 /* Alamofire */ = {
			isa = XCSwiftPackageProductDependency;
			package = C5F27D1A282B47C9000A4540 /* XCRemoteSwiftPackageReference "Alamofire" */;
			productName = Alamofire;
		};
/* End XCSwiftPackageProductDependency section */
	};
	rootObject = C5F27CF8282B4765000A4540 /* Project object */;
}
