// !$*UTF8*$!
{
	archiveVersion = 1;
	classes = {
	};
	objectVersion = 55;
	objects = {

/* Begin PBXBuildFile section */
		C514CCE7281A1B5F00A6E75F /* AssetMenu.swift in Sources */ = {isa = PBXBuildFile; fileRef = C514CCE6281A1B5F00A6E75F /* AssetMenu.swift */; };
		C514CCE9281A201E00A6E75F /* AssetMenuButtonStyle.swift in Sources */ = {isa = PBXBuildFile; fileRef = C514CCE8281A201E00A6E75F /* AssetMenuButtonStyle.swift */; };
		C514CCEB281A232C00A6E75F /* AssetMenuGridView.swift in Sources */ = {isa = PBXBuildFile; fileRef = C514CCEA281A232C00A6E75F /* AssetMenuGridView.swift */; };
		C514CCED281A24A800A6E75F /* AssetView.swift in Sources */ = {isa = PBXBuildFile; fileRef = C514CCEC281A24A800A6E75F /* AssetView.swift */; };
		C514CCF1281A281B00A6E75F /* AssetBanner.swift in Sources */ = {isa = PBXBuildFile; fileRef = C514CCF0281A281B00A6E75F /* AssetBanner.swift */; };
		C514CCF4281A288B00A6E75F /* BannerCard.swift in Sources */ = {isa = PBXBuildFile; fileRef = C514CCF3281A288B00A6E75F /* BannerCard.swift */; };
		C514CCF7281A2B4A00A6E75F /* PageViewController.swift in Sources */ = {isa = PBXBuildFile; fileRef = C514CCF6281A2B4A00A6E75F /* PageViewController.swift */; };
		C514CCF9281A318600A6E75F /* PageControl.swift in Sources */ = {isa = PBXBuildFile; fileRef = C514CCF8281A318600A6E75F /* PageControl.swift */; };
		C514CCFB281A359800A6E75F /* AssetBannerView.swift in Sources */ = {isa = PBXBuildFile; fileRef = C514CCFA281A359800A6E75F /* AssetBannerView.swift */; };
		C578D6492818E37F004A4BBF /* MyAssetsApp.swift in Sources */ = {isa = PBXBuildFile; fileRef = C578D6482818E37F004A4BBF /* MyAssetsApp.swift */; };
		C578D64B2818E37F004A4BBF /* ContentView.swift in Sources */ = {isa = PBXBuildFile; fileRef = C578D64A2818E37F004A4BBF /* ContentView.swift */; };
		C578D64D2818E380004A4BBF /* Assets.xcassets in Resources */ = {isa = PBXBuildFile; fileRef = C578D64C2818E380004A4BBF /* Assets.xcassets */; };
		C578D6502818E380004A4BBF /* Preview Assets.xcassets in Resources */ = {isa = PBXBuildFile; fileRef = C578D64F2818E380004A4BBF /* Preview Assets.xcassets */; };
		C578D6AB2818EDE0004A4BBF /* NavigationBarWithButton.swift in Sources */ = {isa = PBXBuildFile; fileRef = C578D6AA2818EDE0004A4BBF /* NavigationBarWithButton.swift */; };
		C579B4DC281B6B9500206010 /* assets.json in Resources */ = {isa = PBXBuildFile; fileRef = C579B4DB281B6B9500206010 /* assets.json */; };
		C579B4DE281B6C5D00206010 /* Asset.swift in Sources */ = {isa = PBXBuildFile; fileRef = C579B4DD281B6C5D00206010 /* Asset.swift */; };
		C579B4E2281B6EFE00206010 /* AssetSummaryData.swift in Sources */ = {isa = PBXBuildFile; fileRef = C579B4E1281B6EFE00206010 /* AssetSummaryData.swift */; };
		C579B4E4281B747D00206010 /* AssetSectionHeaderView.swift in Sources */ = {isa = PBXBuildFile; fileRef = C579B4E3281B747D00206010 /* AssetSectionHeaderView.swift */; };
		C579B4E6281B765800206010 /* AssetSectionView.swift in Sources */ = {isa = PBXBuildFile; fileRef = C579B4E5281B765800206010 /* AssetSectionView.swift */; };
		C579B4E8281B79F400206010 /* AssetSummaryView.swift in Sources */ = {isa = PBXBuildFile; fileRef = C579B4E7281B79F400206010 /* AssetSummaryView.swift */; };
		C579B4EB281B863F00206010 /* TabMenuView.swift in Sources */ = {isa = PBXBuildFile; fileRef = C579B4EA281B863F00206010 /* TabMenuView.swift */; };
		C579B4ED281B8B9E00206010 /* AssetCardSectionView.swift in Sources */ = {isa = PBXBuildFile; fileRef = C579B4EC281B8B9E00206010 /* AssetCardSectionView.swift */; };
/* End PBXBuildFile section */

/* Begin PBXFileReference section */
		C514CCE6281A1B5F00A6E75F /* AssetMenu.swift */ = {isa = PBXFileReference; lastKnownFileType = sourcecode.swift; path = AssetMenu.swift; sourceTree = "<group>"; };
		C514CCE8281A201E00A6E75F /* AssetMenuButtonStyle.swift */ = {isa = PBXFileReference; lastKnownFileType = sourcecode.swift; path = AssetMenuButtonStyle.swift; sourceTree = "<group>"; };
		C514CCEA281A232C00A6E75F /* AssetMenuGridView.swift */ = {isa = PBXFileReference; lastKnownFileType = sourcecode.swift; path = AssetMenuGridView.swift; sourceTree = "<group>"; };
		C514CCEC281A24A800A6E75F /* AssetView.swift */ = {isa = PBXFileReference; lastKnownFileType = sourcecode.swift; path = AssetView.swift; sourceTree = "<group>"; };
		C514CCF0281A281B00A6E75F /* AssetBanner.swift */ = {isa = PBXFileReference; lastKnownFileType = sourcecode.swift; path = AssetBanner.swift; sourceTree = "<group>"; };
		C514CCF3281A288B00A6E75F /* BannerCard.swift */ = {isa = PBXFileReference; lastKnownFileType = sourcecode.swift; path = BannerCard.swift; sourceTree = "<group>"; };
		C514CCF6281A2B4A00A6E75F /* PageViewController.swift */ = {isa = PBXFileReference; lastKnownFileType = sourcecode.swift; path = PageViewController.swift; sourceTree = "<group>"; };
		C514CCF8281A318600A6E75F /* PageControl.swift */ = {isa = PBXFileReference; lastKnownFileType = sourcecode.swift; path = PageControl.swift; sourceTree = "<group>"; };
		C514CCFA281A359800A6E75F /* AssetBannerView.swift */ = {isa = PBXFileReference; lastKnownFileType = sourcecode.swift; path = AssetBannerView.swift; sourceTree = "<group>"; };
		C578D6452818E37F004A4BBF /* MyAssets.app */ = {isa = PBXFileReference; explicitFileType = wrapper.application; includeInIndex = 0; path = MyAssets.app; sourceTree = BUILT_PRODUCTS_DIR; };
		C578D6482818E37F004A4BBF /* MyAssetsApp.swift */ = {isa = PBXFileReference; lastKnownFileType = sourcecode.swift; path = MyAssetsApp.swift; sourceTree = "<group>"; };
		C578D64A2818E37F004A4BBF /* ContentView.swift */ = {isa = PBXFileReference; lastKnownFileType = sourcecode.swift; path = ContentView.swift; sourceTree = "<group>"; };
		C578D64C2818E380004A4BBF /* Assets.xcassets */ = {isa = PBXFileReference; lastKnownFileType = folder.assetcatalog; path = Assets.xcassets; sourceTree = "<group>"; };
		C578D64F2818E380004A4BBF /* Preview Assets.xcassets */ = {isa = PBXFileReference; lastKnownFileType = folder.assetcatalog; path = "Preview Assets.xcassets"; sourceTree = "<group>"; };
		C578D6AA2818EDE0004A4BBF /* NavigationBarWithButton.swift */ = {isa = PBXFileReference; lastKnownFileType = sourcecode.swift; path = NavigationBarWithButton.swift; sourceTree = "<group>"; };
		C579B4DB281B6B9500206010 /* assets.json */ = {isa = PBXFileReference; fileEncoding = 4; lastKnownFileType = text.json; path = assets.json; sourceTree = SOURCE_ROOT; };
		C579B4DD281B6C5D00206010 /* Asset.swift */ = {isa = PBXFileReference; lastKnownFileType = sourcecode.swift; path = Asset.swift; sourceTree = "<group>"; };
		C579B4E1281B6EFE00206010 /* AssetSummaryData.swift */ = {isa = PBXFileReference; lastKnownFileType = sourcecode.swift; path = AssetSummaryData.swift; sourceTree = "<group>"; };
		C579B4E3281B747D00206010 /* AssetSectionHeaderView.swift */ = {isa = PBXFileReference; lastKnownFileType = sourcecode.swift; path = AssetSectionHeaderView.swift; sourceTree = "<group>"; };
		C579B4E5281B765800206010 /* AssetSectionView.swift */ = {isa = PBXFileReference; lastKnownFileType = sourcecode.swift; path = AssetSectionView.swift; sourceTree = "<group>"; };
		C579B4E7281B79F400206010 /* AssetSummaryView.swift */ = {isa = PBXFileReference; lastKnownFileType = sourcecode.swift; path = AssetSummaryView.swift; sourceTree = "<group>"; };
		C579B4EA281B863F00206010 /* TabMenuView.swift */ = {isa = PBXFileReference; lastKnownFileType = sourcecode.swift; path = TabMenuView.swift; sourceTree = "<group>"; };
		C579B4EC281B8B9E00206010 /* AssetCardSectionView.swift */ = {isa = PBXFileReference; lastKnownFileType = sourcecode.swift; path = AssetCardSectionView.swift; sourceTree = "<group>"; };
/* End PBXFileReference section */

/* Begin PBXFrameworksBuildPhase section */
		C578D6422818E37F004A4BBF /* Frameworks */ = {
			isa = PBXFrameworksBuildPhase;
			buildActionMask = 2147483647;
			files = (
			);
			runOnlyForDeploymentPostprocessing = 0;
		};
/* End PBXFrameworksBuildPhase section */

/* Begin PBXGroup section */
		C514CCF2281A283E00A6E75F /* Entities */ = {
			isa = PBXGroup;
			children = (
				C579B4DD281B6C5D00206010 /* Asset.swift */,
				C514CCE6281A1B5F00A6E75F /* AssetMenu.swift */,
				C514CCF0281A281B00A6E75F /* AssetBanner.swift */,
			);
			path = Entities;
			sourceTree = "<group>";
		};
		C514CCF5281A28A200A6E75F /* AssetMenu */ = {
			isa = PBXGroup;
			children = (
				C514CCE8281A201E00A6E75F /* AssetMenuButtonStyle.swift */,
				C514CCEA281A232C00A6E75F /* AssetMenuGridView.swift */,
			);
			path = AssetMenu;
			sourceTree = "<group>";
		};
		C514CCFC281A35C200A6E75F /* AssetBannerView */ = {
			isa = PBXGroup;
			children = (
				C514CCF8281A318600A6E75F /* PageControl.swift */,
				C514CCF6281A2B4A00A6E75F /* PageViewController.swift */,
				C514CCF3281A288B00A6E75F /* BannerCard.swift */,
				C514CCFA281A359800A6E75F /* AssetBannerView.swift */,
			);
			path = AssetBannerView;
			sourceTree = "<group>";
		};
		C578D63C2818E37F004A4BBF = {
			isa = PBXGroup;
			children = (
				C578D6472818E37F004A4BBF /* MyAssets */,
				C578D6462818E37F004A4BBF /* Products */,
			);
			sourceTree = "<group>";
		};
		C578D6462818E37F004A4BBF /* Products */ = {
			isa = PBXGroup;
			children = (
				C578D6452818E37F004A4BBF /* MyAssets.app */,
			);
			name = Products;
			sourceTree = "<group>";
		};
		C578D6472818E37F004A4BBF /* MyAssets */ = {
			isa = PBXGroup;
			children = (
				C578D6482818E37F004A4BBF /* MyAssetsApp.swift */,
				C578D64A2818E37F004A4BBF /* ContentView.swift */,
				C578D6AA2818EDE0004A4BBF /* NavigationBarWithButton.swift */,
				C514CCEC281A24A800A6E75F /* AssetView.swift */,
				C579B4DB281B6B9500206010 /* assets.json */,
				C578D64C2818E380004A4BBF /* Assets.xcassets */,
				C579B4E9281B7BB500206010 /* AssetSummryView */,
				C514CCFC281A35C200A6E75F /* AssetBannerView */,
				C514CCF5281A28A200A6E75F /* AssetMenu */,
				C514CCF2281A283E00A6E75F /* Entities */,
				C578D64E2818E380004A4BBF /* Preview Content */,
			);
			path = MyAssets;
			sourceTree = "<group>";
		};
		C578D64E2818E380004A4BBF /* Preview Content */ = {
			isa = PBXGroup;
			children = (
				C578D64F2818E380004A4BBF /* Preview Assets.xcassets */,
			);
			path = "Preview Content";
			sourceTree = "<group>";
		};
		C579B4E9281B7BB500206010 /* AssetSummryView */ = {
			isa = PBXGroup;
			children = (
				C579B4E3281B747D00206010 /* AssetSectionHeaderView.swift */,
				C579B4E5281B765800206010 /* AssetSectionView.swift */,
				C579B4E1281B6EFE00206010 /* AssetSummaryData.swift */,
				C579B4E7281B79F400206010 /* AssetSummaryView.swift */,
				C579B4EA281B863F00206010 /* TabMenuView.swift */,
				C579B4EC281B8B9E00206010 /* AssetCardSectionView.swift */,
			);
			path = AssetSummryView;
			sourceTree = "<group>";
		};
/* End PBXGroup section */

/* Begin PBXNativeTarget section */
		C578D6442818E37F004A4BBF /* MyAssets */ = {
			isa = PBXNativeTarget;
			buildConfigurationList = C578D6532818E380004A4BBF /* Build configuration list for PBXNativeTarget "MyAssets" */;
			buildPhases = (
				C578D6412818E37F004A4BBF /* Sources */,
				C578D6422818E37F004A4BBF /* Frameworks */,
				C578D6432818E37F004A4BBF /* Resources */,
			);
			buildRules = (
			);
			dependencies = (
			);
			name = MyAssets;
			productName = MyAssets;
			productReference = C578D6452818E37F004A4BBF /* MyAssets.app */;
			productType = "com.apple.product-type.application";
		};
/* End PBXNativeTarget section */

/* Begin PBXProject section */
		C578D63D2818E37F004A4BBF /* Project object */ = {
			isa = PBXProject;
			attributes = {
				BuildIndependentTargetsInParallel = 1;
				LastSwiftUpdateCheck = 1320;
				LastUpgradeCheck = 1320;
				TargetAttributes = {
					C578D6442818E37F004A4BBF = {
						CreatedOnToolsVersion = 13.2.1;
					};
				};
			};
			buildConfigurationList = C578D6402818E37F004A4BBF /* Build configuration list for PBXProject "MyAssets" */;
			compatibilityVersion = "Xcode 13.0";
			developmentRegion = en;
			hasScannedForEncodings = 0;
			knownRegions = (
				en,
				Base,
			);
			mainGroup = C578D63C2818E37F004A4BBF;
			productRefGroup = C578D6462818E37F004A4BBF /* Products */;
			projectDirPath = "";
			projectRoot = "";
			targets = (
				C578D6442818E37F004A4BBF /* MyAssets */,
			);
		};
/* End PBXProject section */

/* Begin PBXResourcesBuildPhase section */
		C578D6432818E37F004A4BBF /* Resources */ = {
			isa = PBXResourcesBuildPhase;
			buildActionMask = 2147483647;
			files = (
				C579B4DC281B6B9500206010 /* assets.json in Resources */,
				C578D6502818E380004A4BBF /* Preview Assets.xcassets in Resources */,
				C578D64D2818E380004A4BBF /* Assets.xcassets in Resources */,
			);
			runOnlyForDeploymentPostprocessing = 0;
		};
/* End PBXResourcesBuildPhase section */

/* Begin PBXSourcesBuildPhase section */
		C578D6412818E37F004A4BBF /* Sources */ = {
			isa = PBXSourcesBuildPhase;
			buildActionMask = 2147483647;
			files = (
				C514CCEB281A232C00A6E75F /* AssetMenuGridView.swift in Sources */,
				C579B4E6281B765800206010 /* AssetSectionView.swift in Sources */,
				C579B4DE281B6C5D00206010 /* Asset.swift in Sources */,
				C514CCF7281A2B4A00A6E75F /* PageViewController.swift in Sources */,
				C578D6AB2818EDE0004A4BBF /* NavigationBarWithButton.swift in Sources */,
				C579B4E4281B747D00206010 /* AssetSectionHeaderView.swift in Sources */,
				C579B4E8281B79F400206010 /* AssetSummaryView.swift in Sources */,
				C514CCF1281A281B00A6E75F /* AssetBanner.swift in Sources */,
				C514CCED281A24A800A6E75F /* AssetView.swift in Sources */,
				C578D64B2818E37F004A4BBF /* ContentView.swift in Sources */,
				C578D6492818E37F004A4BBF /* MyAssetsApp.swift in Sources */,
				C579B4EB281B863F00206010 /* TabMenuView.swift in Sources */,
				C514CCE7281A1B5F00A6E75F /* AssetMenu.swift in Sources */,
				C579B4E2281B6EFE00206010 /* AssetSummaryData.swift in Sources */,
				C514CCF9281A318600A6E75F /* PageControl.swift in Sources */,
				C514CCFB281A359800A6E75F /* AssetBannerView.swift in Sources */,
				C579B4ED281B8B9E00206010 /* AssetCardSectionView.swift in Sources */,
				C514CCF4281A288B00A6E75F /* BannerCard.swift in Sources */,
				C514CCE9281A201E00A6E75F /* AssetMenuButtonStyle.swift in Sources */,
			);
			runOnlyForDeploymentPostprocessing = 0;
		};
/* End PBXSourcesBuildPhase section */

/* Begin XCBuildConfiguration section */
		C578D6512818E380004A4BBF /* Debug */ = {
			isa = XCBuildConfiguration;
			buildSettings = {
				ALWAYS_SEARCH_USER_PATHS = NO;
				CLANG_ANALYZER_NONNULL = YES;
				CLANG_ANALYZER_NUMBER_OBJECT_CONVERSION = YES_AGGRESSIVE;
				CLANG_CXX_LANGUAGE_STANDARD = "gnu++17";
				CLANG_CXX_LIBRARY = "libc++";
				CLANG_ENABLE_MODULES = YES;
				CLANG_ENABLE_OBJC_ARC = YES;
				CLANG_ENABLE_OBJC_WEAK = YES;
				CLANG_WARN_BLOCK_CAPTURE_AUTORELEASING = YES;
				CLANG_WARN_BOOL_CONVERSION = YES;
				CLANG_WARN_COMMA = YES;
				CLANG_WARN_CONSTANT_CONVERSION = YES;
				CLANG_WARN_DEPRECATED_OBJC_IMPLEMENTATIONS = YES;
				CLANG_WARN_DIRECT_OBJC_ISA_USAGE = YES_ERROR;
				CLANG_WARN_DOCUMENTATION_COMMENTS = YES;
				CLANG_WARN_EMPTY_BODY = YES;
				CLANG_WARN_ENUM_CONVERSION = YES;
				CLANG_WARN_INFINITE_RECURSION = YES;
				CLANG_WARN_INT_CONVERSION = YES;
				CLANG_WARN_NON_LITERAL_NULL_CONVERSION = YES;
				CLANG_WARN_OBJC_IMPLICIT_RETAIN_SELF = YES;
				CLANG_WARN_OBJC_LITERAL_CONVERSION = YES;
				CLANG_WARN_OBJC_ROOT_CLASS = YES_ERROR;
				CLANG_WARN_QUOTED_INCLUDE_IN_FRAMEWORK_HEADER = YES;
				CLANG_WARN_RANGE_LOOP_ANALYSIS = YES;
				CLANG_WARN_STRICT_PROTOTYPES = YES;
				CLANG_WARN_SUSPICIOUS_MOVE = YES;
				CLANG_WARN_UNGUARDED_AVAILABILITY = YES_AGGRESSIVE;
				CLANG_WARN_UNREACHABLE_CODE = YES;
				CLANG_WARN__DUPLICATE_METHOD_MATCH = YES;
				COPY_PHASE_STRIP = NO;
				DEBUG_INFORMATION_FORMAT = dwarf;
				ENABLE_STRICT_OBJC_MSGSEND = YES;
				ENABLE_TESTABILITY = YES;
				GCC_C_LANGUAGE_STANDARD = gnu11;
				GCC_DYNAMIC_NO_PIC = NO;
				GCC_NO_COMMON_BLOCKS = YES;
				GCC_OPTIMIZATION_LEVEL = 0;
				GCC_PREPROCESSOR_DEFINITIONS = (
					"DEBUG=1",
					"$(inherited)",
				);
				GCC_WARN_64_TO_32_BIT_CONVERSION = YES;
				GCC_WARN_ABOUT_RETURN_TYPE = YES_ERROR;
				GCC_WARN_UNDECLARED_SELECTOR = YES;
				GCC_WARN_UNINITIALIZED_AUTOS = YES_AGGRESSIVE;
				GCC_WARN_UNUSED_FUNCTION = YES;
				GCC_WARN_UNUSED_VARIABLE = YES;
				IPHONEOS_DEPLOYMENT_TARGET = 15.2;
				MTL_ENABLE_DEBUG_INFO = INCLUDE_SOURCE;
				MTL_FAST_MATH = YES;
				ONLY_ACTIVE_ARCH = YES;
				SDKROOT = iphoneos;
				SWIFT_ACTIVE_COMPILATION_CONDITIONS = DEBUG;
				SWIFT_OPTIMIZATION_LEVEL = "-Onone";
			};
			name = Debug;
		};
		C578D6522818E380004A4BBF /* Release */ = {
			isa = XCBuildConfiguration;
			buildSettings = {
				ALWAYS_SEARCH_USER_PATHS = NO;
				CLANG_ANALYZER_NONNULL = YES;
				CLANG_ANALYZER_NUMBER_OBJECT_CONVERSION = YES_AGGRESSIVE;
				CLANG_CXX_LANGUAGE_STANDARD = "gnu++17";
				CLANG_CXX_LIBRARY = "libc++";
				CLANG_ENABLE_MODULES = YES;
				CLANG_ENABLE_OBJC_ARC = YES;
				CLANG_ENABLE_OBJC_WEAK = YES;
				CLANG_WARN_BLOCK_CAPTURE_AUTORELEASING = YES;
				CLANG_WARN_BOOL_CONVERSION = YES;
				CLANG_WARN_COMMA = YES;
				CLANG_WARN_CONSTANT_CONVERSION = YES;
				CLANG_WARN_DEPRECATED_OBJC_IMPLEMENTATIONS = YES;
				CLANG_WARN_DIRECT_OBJC_ISA_USAGE = YES_ERROR;
				CLANG_WARN_DOCUMENTATION_COMMENTS = YES;
				CLANG_WARN_EMPTY_BODY = YES;
				CLANG_WARN_ENUM_CONVERSION = YES;
				CLANG_WARN_INFINITE_RECURSION = YES;
				CLANG_WARN_INT_CONVERSION = YES;
				CLANG_WARN_NON_LITERAL_NULL_CONVERSION = YES;
				CLANG_WARN_OBJC_IMPLICIT_RETAIN_SELF = YES;
				CLANG_WARN_OBJC_LITERAL_CONVERSION = YES;
				CLANG_WARN_OBJC_ROOT_CLASS = YES_ERROR;
				CLANG_WARN_QUOTED_INCLUDE_IN_FRAMEWORK_HEADER = YES;
				CLANG_WARN_RANGE_LOOP_ANALYSIS = YES;
				CLANG_WARN_STRICT_PROTOTYPES = YES;
				CLANG_WARN_SUSPICIOUS_MOVE = YES;
				CLANG_WARN_UNGUARDED_AVAILABILITY = YES_AGGRESSIVE;
				CLANG_WARN_UNREACHABLE_CODE = YES;
				CLANG_WARN__DUPLICATE_METHOD_MATCH = YES;
				COPY_PHASE_STRIP = NO;
				DEBUG_INFORMATION_FORMAT = "dwarf-with-dsym";
				ENABLE_NS_ASSERTIONS = NO;
				ENABLE_STRICT_OBJC_MSGSEND = YES;
				GCC_C_LANGUAGE_STANDARD = gnu11;
				GCC_NO_COMMON_BLOCKS = YES;
				GCC_WARN_64_TO_32_BIT_CONVERSION = YES;
				GCC_WARN_ABOUT_RETURN_TYPE = YES_ERROR;
				GCC_WARN_UNDECLARED_SELECTOR = YES;
				GCC_WARN_UNINITIALIZED_AUTOS = YES_AGGRESSIVE;
				GCC_WARN_UNUSED_FUNCTION = YES;
				GCC_WARN_UNUSED_VARIABLE = YES;
				IPHONEOS_DEPLOYMENT_TARGET = 15.2;
				MTL_ENABLE_DEBUG_INFO = NO;
				MTL_FAST_MATH = YES;
				SDKROOT = iphoneos;
				SWIFT_COMPILATION_MODE = wholemodule;
				SWIFT_OPTIMIZATION_LEVEL = "-O";
				VALIDATE_PRODUCT = YES;
			};
			name = Release;
		};
		C578D6542818E380004A4BBF /* Debug */ = {
			isa = XCBuildConfiguration;
			buildSettings = {
				ASSETCATALOG_COMPILER_APPICON_NAME = AppIcon;
				ASSETCATALOG_COMPILER_GLOBAL_ACCENT_COLOR_NAME = AccentColor;
				CODE_SIGN_STYLE = Automatic;
				CURRENT_PROJECT_VERSION = 1;
				DEVELOPMENT_ASSET_PATHS = "\"MyAssets/Preview Content\"";
				ENABLE_PREVIEWS = YES;
				GENERATE_INFOPLIST_FILE = YES;
				INFOPLIST_KEY_UIApplicationSceneManifest_Generation = YES;
				INFOPLIST_KEY_UIApplicationSupportsIndirectInputEvents = YES;
				INFOPLIST_KEY_UILaunchScreen_Generation = YES;
				INFOPLIST_KEY_UISupportedInterfaceOrientations_iPad = "UIInterfaceOrientationPortrait UIInterfaceOrientationPortraitUpsideDown UIInterfaceOrientationLandscapeLeft UIInterfaceOrientationLandscapeRight";
				INFOPLIST_KEY_UISupportedInterfaceOrientations_iPhone = "UIInterfaceOrientationPortrait UIInterfaceOrientationLandscapeLeft UIInterfaceOrientationLandscapeRight";
				LD_RUNPATH_SEARCH_PATHS = (
					"$(inherited)",
					"@executable_path/Frameworks",
				);
				MARKETING_VERSION = 1.0;
				PRODUCT_BUNDLE_IDENTIFIER = com.MyAssets;
				PRODUCT_NAME = "$(TARGET_NAME)";
				SWIFT_EMIT_LOC_STRINGS = YES;
				SWIFT_VERSION = 5.0;
				TARGETED_DEVICE_FAMILY = "1,2";
			};
			name = Debug;
		};
		C578D6552818E380004A4BBF /* Release */ = {
			isa = XCBuildConfiguration;
			buildSettings = {
				ASSETCATALOG_COMPILER_APPICON_NAME = AppIcon;
				ASSETCATALOG_COMPILER_GLOBAL_ACCENT_COLOR_NAME = AccentColor;
				CODE_SIGN_STYLE = Automatic;
				CURRENT_PROJECT_VERSION = 1;
				DEVELOPMENT_ASSET_PATHS = "\"MyAssets/Preview Content\"";
				ENABLE_PREVIEWS = YES;
				GENERATE_INFOPLIST_FILE = YES;
				INFOPLIST_KEY_UIApplicationSceneManifest_Generation = YES;
				INFOPLIST_KEY_UIApplicationSupportsIndirectInputEvents = YES;
				INFOPLIST_KEY_UILaunchScreen_Generation = YES;
				INFOPLIST_KEY_UISupportedInterfaceOrientations_iPad = "UIInterfaceOrientationPortrait UIInterfaceOrientationPortraitUpsideDown UIInterfaceOrientationLandscapeLeft UIInterfaceOrientationLandscapeRight";
				INFOPLIST_KEY_UISupportedInterfaceOrientations_iPhone = "UIInterfaceOrientationPortrait UIInterfaceOrientationLandscapeLeft UIInterfaceOrientationLandscapeRight";
				LD_RUNPATH_SEARCH_PATHS = (
					"$(inherited)",
					"@executable_path/Frameworks",
				);
				MARKETING_VERSION = 1.0;
				PRODUCT_BUNDLE_IDENTIFIER = com.MyAssets;
				PRODUCT_NAME = "$(TARGET_NAME)";
				SWIFT_EMIT_LOC_STRINGS = YES;
				SWIFT_VERSION = 5.0;
				TARGETED_DEVICE_FAMILY = "1,2";
			};
			name = Release;
		};
/* End XCBuildConfiguration section */

/* Begin XCConfigurationList section */
		C578D6402818E37F004A4BBF /* Build configuration list for PBXProject "MyAssets" */ = {
			isa = XCConfigurationList;
			buildConfigurations = (
				C578D6512818E380004A4BBF /* Debug */,
				C578D6522818E380004A4BBF /* Release */,
			);
			defaultConfigurationIsVisible = 0;
			defaultConfigurationName = Release;
		};
		C578D6532818E380004A4BBF /* Build configuration list for PBXNativeTarget "MyAssets" */ = {
			isa = XCConfigurationList;
			buildConfigurations = (
				C578D6542818E380004A4BBF /* Debug */,
				C578D6552818E380004A4BBF /* Release */,
			);
			defaultConfigurationIsVisible = 0;
			defaultConfigurationName = Release;
		};
/* End XCConfigurationList section */
	};
	rootObject = C578D63D2818E37F004A4BBF /* Project object */;
}
