// !$*UTF8*$!
{
	archiveVersion = 1;
	classes = {
	};
	objectVersion = 55;
	objects = {

/* Begin PBXBuildFile section */
		C5182FDE283C8427009A434A /* AppDelegate.swift in Sources */ = {isa = PBXBuildFile; fileRef = C5182FDD283C8427009A434A /* AppDelegate.swift */; };
		C5182FE0283C8427009A434A /* SceneDelegate.swift in Sources */ = {isa = PBXBuildFile; fileRef = C5182FDF283C8427009A434A /* SceneDelegate.swift */; };
		C5182FE7283C8428009A434A /* Assets.xcassets in Resources */ = {isa = PBXBuildFile; fileRef = C5182FE6283C8428009A434A /* Assets.xcassets */; };
		C5182FEA283C8428009A434A /* LaunchScreen.storyboard in Resources */ = {isa = PBXBuildFile; fileRef = C5182FE8283C8428009A434A /* LaunchScreen.storyboard */; };
		C5281ABE2845A7A50096086D /* RepositoryListViewController.swift in Sources */ = {isa = PBXBuildFile; fileRef = C5281ABD2845A7A50096086D /* RepositoryListViewController.swift */; };
		C5281AC02845A8A30096086D /* RepositoryListCell.swift in Sources */ = {isa = PBXBuildFile; fileRef = C5281ABF2845A8A30096086D /* RepositoryListCell.swift */; };
		C5281AC32845A8C70096086D /* SnapKit in Frameworks */ = {isa = PBXBuildFile; productRef = C5281AC22845A8C70096086D /* SnapKit */; };
		C5281AC52845B2490096086D /* Repository.swift in Sources */ = {isa = PBXBuildFile; fileRef = C5281AC42845B2490096086D /* Repository.swift */; };
		F12766630E0EBE44EEF08711 /* Pods_GitHubRepository.framework in Frameworks */ = {isa = PBXBuildFile; fileRef = 57EF23BEA6F76BF6BB92EC76 /* Pods_GitHubRepository.framework */; };
/* End PBXBuildFile section */

/* Begin PBXFileReference section */
		57EF23BEA6F76BF6BB92EC76 /* Pods_GitHubRepository.framework */ = {isa = PBXFileReference; explicitFileType = wrapper.framework; includeInIndex = 0; path = Pods_GitHubRepository.framework; sourceTree = BUILT_PRODUCTS_DIR; };
		A721BF87F1F9CCB94F61C846 /* Pods-GitHubRepository.debug.xcconfig */ = {isa = PBXFileReference; includeInIndex = 1; lastKnownFileType = text.xcconfig; name = "Pods-GitHubRepository.debug.xcconfig"; path = "Target Support Files/Pods-GitHubRepository/Pods-GitHubRepository.debug.xcconfig"; sourceTree = "<group>"; };
		B191745C75319EB5EA1DE8A7 /* Pods-GitHubRepository.release.xcconfig */ = {isa = PBXFileReference; includeInIndex = 1; lastKnownFileType = text.xcconfig; name = "Pods-GitHubRepository.release.xcconfig"; path = "Target Support Files/Pods-GitHubRepository/Pods-GitHubRepository.release.xcconfig"; sourceTree = "<group>"; };
		C5182FDA283C8427009A434A /* GitHubRepository.app */ = {isa = PBXFileReference; explicitFileType = wrapper.application; includeInIndex = 0; path = GitHubRepository.app; sourceTree = BUILT_PRODUCTS_DIR; };
		C5182FDD283C8427009A434A /* AppDelegate.swift */ = {isa = PBXFileReference; lastKnownFileType = sourcecode.swift; path = AppDelegate.swift; sourceTree = "<group>"; };
		C5182FDF283C8427009A434A /* SceneDelegate.swift */ = {isa = PBXFileReference; lastKnownFileType = sourcecode.swift; path = SceneDelegate.swift; sourceTree = "<group>"; };
		C5182FE6283C8428009A434A /* Assets.xcassets */ = {isa = PBXFileReference; lastKnownFileType = folder.assetcatalog; path = Assets.xcassets; sourceTree = "<group>"; };
		C5182FE9283C8428009A434A /* Base */ = {isa = PBXFileReference; lastKnownFileType = file.storyboard; name = Base; path = Base.lproj/LaunchScreen.storyboard; sourceTree = "<group>"; };
		C5182FEB283C8428009A434A /* Info.plist */ = {isa = PBXFileReference; lastKnownFileType = text.plist.xml; path = Info.plist; sourceTree = "<group>"; };
		C5281ABD2845A7A50096086D /* RepositoryListViewController.swift */ = {isa = PBXFileReference; lastKnownFileType = sourcecode.swift; path = RepositoryListViewController.swift; sourceTree = "<group>"; };
		C5281ABF2845A8A30096086D /* RepositoryListCell.swift */ = {isa = PBXFileReference; lastKnownFileType = sourcecode.swift; path = RepositoryListCell.swift; sourceTree = "<group>"; };
		C5281AC42845B2490096086D /* Repository.swift */ = {isa = PBXFileReference; lastKnownFileType = sourcecode.swift; path = Repository.swift; sourceTree = "<group>"; };
/* End PBXFileReference section */

/* Begin PBXFrameworksBuildPhase section */
		C5182FD7283C8427009A434A /* Frameworks */ = {
			isa = PBXFrameworksBuildPhase;
			buildActionMask = 2147483647;
			files = (
				F12766630E0EBE44EEF08711 /* Pods_GitHubRepository.framework in Frameworks */,
				C5281AC32845A8C70096086D /* SnapKit in Frameworks */,
			);
			runOnlyForDeploymentPostprocessing = 0;
		};
/* End PBXFrameworksBuildPhase section */

/* Begin PBXGroup section */
		2C534CEB54494AF6CC8E0A06 /* Pods */ = {
			isa = PBXGroup;
			children = (
				A721BF87F1F9CCB94F61C846 /* Pods-GitHubRepository.debug.xcconfig */,
				B191745C75319EB5EA1DE8A7 /* Pods-GitHubRepository.release.xcconfig */,
			);
			path = Pods;
			sourceTree = "<group>";
		};
		C5182FD1283C8427009A434A = {
			isa = PBXGroup;
			children = (
				C5182FDC283C8427009A434A /* GitHubRepository */,
				C5182FDB283C8427009A434A /* Products */,
				2C534CEB54494AF6CC8E0A06 /* Pods */,
				F7CE73C6ACE9B860968319CE /* Frameworks */,
			);
			sourceTree = "<group>";
		};
		C5182FDB283C8427009A434A /* Products */ = {
			isa = PBXGroup;
			children = (
				C5182FDA283C8427009A434A /* GitHubRepository.app */,
			);
			name = Products;
			sourceTree = "<group>";
		};
		C5182FDC283C8427009A434A /* GitHubRepository */ = {
			isa = PBXGroup;
			children = (
				C5182FDD283C8427009A434A /* AppDelegate.swift */,
				C5182FDF283C8427009A434A /* SceneDelegate.swift */,
				C5182FE6283C8428009A434A /* Assets.xcassets */,
				C5182FE8283C8428009A434A /* LaunchScreen.storyboard */,
				C5182FEB283C8428009A434A /* Info.plist */,
				C5281ABD2845A7A50096086D /* RepositoryListViewController.swift */,
				C5281ABF2845A8A30096086D /* RepositoryListCell.swift */,
				C5281AC42845B2490096086D /* Repository.swift */,
			);
			path = GitHubRepository;
			sourceTree = "<group>";
		};
		F7CE73C6ACE9B860968319CE /* Frameworks */ = {
			isa = PBXGroup;
			children = (
				57EF23BEA6F76BF6BB92EC76 /* Pods_GitHubRepository.framework */,
			);
			name = Frameworks;
			sourceTree = "<group>";
		};
/* End PBXGroup section */

/* Begin PBXNativeTarget section */
		C5182FD9283C8427009A434A /* GitHubRepository */ = {
			isa = PBXNativeTarget;
			buildConfigurationList = C5182FEE283C8428009A434A /* Build configuration list for PBXNativeTarget "GitHubRepository" */;
			buildPhases = (
				E8D9A52001B726BB82EB4A53 /* [CP] Check Pods Manifest.lock */,
				C5182FD6283C8427009A434A /* Sources */,
				C5182FD7283C8427009A434A /* Frameworks */,
				C5182FD8283C8427009A434A /* Resources */,
				22B156F65150C1E3921F49D7 /* [CP] Embed Pods Frameworks */,
			);
			buildRules = (
			);
			dependencies = (
			);
			name = GitHubRepository;
			packageProductDependencies = (
				C5281AC22845A8C70096086D /* SnapKit */,
			);
			productName = GitHubRepository;
			productReference = C5182FDA283C8427009A434A /* GitHubRepository.app */;
			productType = "com.apple.product-type.application";
		};
/* End PBXNativeTarget section */

/* Begin PBXProject section */
		C5182FD2283C8427009A434A /* Project object */ = {
			isa = PBXProject;
			attributes = {
				BuildIndependentTargetsInParallel = 1;
				LastSwiftUpdateCheck = 1330;
				LastUpgradeCheck = 1330;
				TargetAttributes = {
					C5182FD9283C8427009A434A = {
						CreatedOnToolsVersion = 13.3.1;
					};
				};
			};
			buildConfigurationList = C5182FD5283C8427009A434A /* Build configuration list for PBXProject "GitHubRepository" */;
			compatibilityVersion = "Xcode 13.0";
			developmentRegion = en;
			hasScannedForEncodings = 0;
			knownRegions = (
				en,
				Base,
			);
			mainGroup = C5182FD1283C8427009A434A;
			packageReferences = (
				C5281AC12845A8C70096086D /* XCRemoteSwiftPackageReference "SnapKit" */,
			);
			productRefGroup = C5182FDB283C8427009A434A /* Products */;
			projectDirPath = "";
			projectRoot = "";
			targets = (
				C5182FD9283C8427009A434A /* GitHubRepository */,
			);
		};
/* End PBXProject section */

/* Begin PBXResourcesBuildPhase section */
		C5182FD8283C8427009A434A /* Resources */ = {
			isa = PBXResourcesBuildPhase;
			buildActionMask = 2147483647;
			files = (
				C5182FEA283C8428009A434A /* LaunchScreen.storyboard in Resources */,
				C5182FE7283C8428009A434A /* Assets.xcassets in Resources */,
			);
			runOnlyForDeploymentPostprocessing = 0;
		};
/* End PBXResourcesBuildPhase section */

/* Begin PBXShellScriptBuildPhase section */
		22B156F65150C1E3921F49D7 /* [CP] Embed Pods Frameworks */ = {
			isa = PBXShellScriptBuildPhase;
			buildActionMask = 2147483647;
			files = (
			);
			inputFileListPaths = (
				"${PODS_ROOT}/Target Support Files/Pods-GitHubRepository/Pods-GitHubRepository-frameworks-${CONFIGURATION}-input-files.xcfilelist",
			);
			name = "[CP] Embed Pods Frameworks";
			outputFileListPaths = (
				"${PODS_ROOT}/Target Support Files/Pods-GitHubRepository/Pods-GitHubRepository-frameworks-${CONFIGURATION}-output-files.xcfilelist",
			);
			runOnlyForDeploymentPostprocessing = 0;
			shellPath = /bin/sh;
			shellScript = "\"${PODS_ROOT}/Target Support Files/Pods-GitHubRepository/Pods-GitHubRepository-frameworks.sh\"\n";
			showEnvVarsInLog = 0;
		};
		E8D9A52001B726BB82EB4A53 /* [CP] Check Pods Manifest.lock */ = {
			isa = PBXShellScriptBuildPhase;
			buildActionMask = 2147483647;
			files = (
			);
			inputFileListPaths = (
			);
			inputPaths = (
				"${PODS_PODFILE_DIR_PATH}/Podfile.lock",
				"${PODS_ROOT}/Manifest.lock",
			);
			name = "[CP] Check Pods Manifest.lock";
			outputFileListPaths = (
			);
			outputPaths = (
				"$(DERIVED_FILE_DIR)/Pods-GitHubRepository-checkManifestLockResult.txt",
			);
			runOnlyForDeploymentPostprocessing = 0;
			shellPath = /bin/sh;
			shellScript = "diff \"${PODS_PODFILE_DIR_PATH}/Podfile.lock\" \"${PODS_ROOT}/Manifest.lock\" > /dev/null\nif [ $? != 0 ] ; then\n    # print error to STDERR\n    echo \"error: The sandbox is not in sync with the Podfile.lock. Run 'pod install' or update your CocoaPods installation.\" >&2\n    exit 1\nfi\n# This output is used by Xcode 'outputs' to avoid re-running this script phase.\necho \"SUCCESS\" > \"${SCRIPT_OUTPUT_FILE_0}\"\n";
			showEnvVarsInLog = 0;
		};
/* End PBXShellScriptBuildPhase section */

/* Begin PBXSourcesBuildPhase section */
		C5182FD6283C8427009A434A /* Sources */ = {
			isa = PBXSourcesBuildPhase;
			buildActionMask = 2147483647;
			files = (
				C5182FDE283C8427009A434A /* AppDelegate.swift in Sources */,
				C5182FE0283C8427009A434A /* SceneDelegate.swift in Sources */,
				C5281AC52845B2490096086D /* Repository.swift in Sources */,
				C5281ABE2845A7A50096086D /* RepositoryListViewController.swift in Sources */,
				C5281AC02845A8A30096086D /* RepositoryListCell.swift in Sources */,
			);
			runOnlyForDeploymentPostprocessing = 0;
		};
/* End PBXSourcesBuildPhase section */

/* Begin PBXVariantGroup section */
		C5182FE8283C8428009A434A /* LaunchScreen.storyboard */ = {
			isa = PBXVariantGroup;
			children = (
				C5182FE9283C8428009A434A /* Base */,
			);
			name = LaunchScreen.storyboard;
			sourceTree = "<group>";
		};
/* End PBXVariantGroup section */

/* Begin XCBuildConfiguration section */
		C5182FEC283C8428009A434A /* Debug */ = {
			isa = XCBuildConfiguration;
			buildSettings = {
				ALWAYS_SEARCH_USER_PATHS = NO;
				CLANG_ANALYZER_NONNULL = YES;
				CLANG_ANALYZER_NUMBER_OBJECT_CONVERSION = YES_AGGRESSIVE;
				CLANG_CXX_LANGUAGE_STANDARD = "gnu++17";
				CLANG_ENABLE_MODULES = YES;
				CLANG_ENABLE_OBJC_ARC = YES;
				CLANG_ENABLE_OBJC_WEAK = YES;
				CLANG_WARN_BLOCK_CAPTURE_AUTORELEASING = YES;
				CLANG_WARN_BOOL_CONVERSION = YES;
				CLANG_WARN_COMMA = YES;
				CLANG_WARN_CONSTANT_CONVERSION = YES;
				CLANG_WARN_DEPRECATED_OBJC_IMPLEMENTATIONS = YES;
				CLANG_WARN_DIRECT_OBJC_ISA_USAGE = YES_ERROR;
				CLANG_WARN_DOCUMENTATION_COMMENTS = YES;
				CLANG_WARN_EMPTY_BODY = YES;
				CLANG_WARN_ENUM_CONVERSION = YES;
				CLANG_WARN_INFINITE_RECURSION = YES;
				CLANG_WARN_INT_CONVERSION = YES;
				CLANG_WARN_NON_LITERAL_NULL_CONVERSION = YES;
				CLANG_WARN_OBJC_IMPLICIT_RETAIN_SELF = YES;
				CLANG_WARN_OBJC_LITERAL_CONVERSION = YES;
				CLANG_WARN_OBJC_ROOT_CLASS = YES_ERROR;
				CLANG_WARN_QUOTED_INCLUDE_IN_FRAMEWORK_HEADER = YES;
				CLANG_WARN_RANGE_LOOP_ANALYSIS = YES;
				CLANG_WARN_STRICT_PROTOTYPES = YES;
				CLANG_WARN_SUSPICIOUS_MOVE = YES;
				CLANG_WARN_UNGUARDED_AVAILABILITY = YES_AGGRESSIVE;
				CLANG_WARN_UNREACHABLE_CODE = YES;
				CLANG_WARN__DUPLICATE_METHOD_MATCH = YES;
				COPY_PHASE_STRIP = NO;
				DEBUG_INFORMATION_FORMAT = dwarf;
				ENABLE_STRICT_OBJC_MSGSEND = YES;
				ENABLE_TESTABILITY = YES;
				GCC_C_LANGUAGE_STANDARD = gnu11;
				GCC_DYNAMIC_NO_PIC = NO;
				GCC_NO_COMMON_BLOCKS = YES;
				GCC_OPTIMIZATION_LEVEL = 0;
				GCC_PREPROCESSOR_DEFINITIONS = (
					"DEBUG=1",
					"$(inherited)",
				);
				GCC_WARN_64_TO_32_BIT_CONVERSION = YES;
				GCC_WARN_ABOUT_RETURN_TYPE = YES_ERROR;
				GCC_WARN_UNDECLARED_SELECTOR = YES;
				GCC_WARN_UNINITIALIZED_AUTOS = YES_AGGRESSIVE;
				GCC_WARN_UNUSED_FUNCTION = YES;
				GCC_WARN_UNUSED_VARIABLE = YES;
				IPHONEOS_DEPLOYMENT_TARGET = 15.4;
				MTL_ENABLE_DEBUG_INFO = INCLUDE_SOURCE;
				MTL_FAST_MATH = YES;
				ONLY_ACTIVE_ARCH = YES;
				SDKROOT = iphoneos;
				SWIFT_ACTIVE_COMPILATION_CONDITIONS = DEBUG;
				SWIFT_OPTIMIZATION_LEVEL = "-Onone";
			};
			name = Debug;
		};
		C5182FED283C8428009A434A /* Release */ = {
			isa = XCBuildConfiguration;
			buildSettings = {
				ALWAYS_SEARCH_USER_PATHS = NO;
				CLANG_ANALYZER_NONNULL = YES;
				CLANG_ANALYZER_NUMBER_OBJECT_CONVERSION = YES_AGGRESSIVE;
				CLANG_CXX_LANGUAGE_STANDARD = "gnu++17";
				CLANG_ENABLE_MODULES = YES;
				CLANG_ENABLE_OBJC_ARC = YES;
				CLANG_ENABLE_OBJC_WEAK = YES;
				CLANG_WARN_BLOCK_CAPTURE_AUTORELEASING = YES;
				CLANG_WARN_BOOL_CONVERSION = YES;
				CLANG_WARN_COMMA = YES;
				CLANG_WARN_CONSTANT_CONVERSION = YES;
				CLANG_WARN_DEPRECATED_OBJC_IMPLEMENTATIONS = YES;
				CLANG_WARN_DIRECT_OBJC_ISA_USAGE = YES_ERROR;
				CLANG_WARN_DOCUMENTATION_COMMENTS = YES;
				CLANG_WARN_EMPTY_BODY = YES;
				CLANG_WARN_ENUM_CONVERSION = YES;
				CLANG_WARN_INFINITE_RECURSION = YES;
				CLANG_WARN_INT_CONVERSION = YES;
				CLANG_WARN_NON_LITERAL_NULL_CONVERSION = YES;
				CLANG_WARN_OBJC_IMPLICIT_RETAIN_SELF = YES;
				CLANG_WARN_OBJC_LITERAL_CONVERSION = YES;
				CLANG_WARN_OBJC_ROOT_CLASS = YES_ERROR;
				CLANG_WARN_QUOTED_INCLUDE_IN_FRAMEWORK_HEADER = YES;
				CLANG_WARN_RANGE_LOOP_ANALYSIS = YES;
				CLANG_WARN_STRICT_PROTOTYPES = YES;
				CLANG_WARN_SUSPICIOUS_MOVE = YES;
				CLANG_WARN_UNGUARDED_AVAILABILITY = YES_AGGRESSIVE;
				CLANG_WARN_UNREACHABLE_CODE = YES;
				CLANG_WARN__DUPLICATE_METHOD_MATCH = YES;
				COPY_PHASE_STRIP = NO;
				DEBUG_INFORMATION_FORMAT = "dwarf-with-dsym";
				ENABLE_NS_ASSERTIONS = NO;
				ENABLE_STRICT_OBJC_MSGSEND = YES;
				GCC_C_LANGUAGE_STANDARD = gnu11;
				GCC_NO_COMMON_BLOCKS = YES;
				GCC_WARN_64_TO_32_BIT_CONVERSION = YES;
				GCC_WARN_ABOUT_RETURN_TYPE = YES_ERROR;
				GCC_WARN_UNDECLARED_SELECTOR = YES;
				GCC_WARN_UNINITIALIZED_AUTOS = YES_AGGRESSIVE;
				GCC_WARN_UNUSED_FUNCTION = YES;
				GCC_WARN_UNUSED_VARIABLE = YES;
				IPHONEOS_DEPLOYMENT_TARGET = 15.4;
				MTL_ENABLE_DEBUG_INFO = NO;
				MTL_FAST_MATH = YES;
				SDKROOT = iphoneos;
				SWIFT_COMPILATION_MODE = wholemodule;
				SWIFT_OPTIMIZATION_LEVEL = "-O";
				VALIDATE_PRODUCT = YES;
			};
			name = Release;
		};
		C5182FEF283C8428009A434A /* Debug */ = {
			isa = XCBuildConfiguration;
			baseConfigurationReference = A721BF87F1F9CCB94F61C846 /* Pods-GitHubRepository.debug.xcconfig */;
			buildSettings = {
				ASSETCATALOG_COMPILER_APPICON_NAME = AppIcon;
				ASSETCATALOG_COMPILER_GLOBAL_ACCENT_COLOR_NAME = AccentColor;
				CODE_SIGN_STYLE = Automatic;
				CURRENT_PROJECT_VERSION = 1;
				DEVELOPMENT_TEAM = 2QHZXV9AND;
				GENERATE_INFOPLIST_FILE = YES;
				INFOPLIST_FILE = GitHubRepository/Info.plist;
				INFOPLIST_KEY_UIApplicationSupportsIndirectInputEvents = YES;
				INFOPLIST_KEY_UILaunchStoryboardName = LaunchScreen;
				INFOPLIST_KEY_UISupportedInterfaceOrientations_iPad = "UIInterfaceOrientationPortrait UIInterfaceOrientationPortraitUpsideDown UIInterfaceOrientationLandscapeLeft UIInterfaceOrientationLandscapeRight";
				INFOPLIST_KEY_UISupportedInterfaceOrientations_iPhone = "UIInterfaceOrientationPortrait UIInterfaceOrientationLandscapeLeft UIInterfaceOrientationLandscapeRight";
				LD_RUNPATH_SEARCH_PATHS = (
					"$(inherited)",
					"@executable_path/Frameworks",
				);
				MARKETING_VERSION = 1.0;
				PRODUCT_BUNDLE_IDENTIFIER = com.GitHubRepository;
				PRODUCT_NAME = "$(TARGET_NAME)";
				SWIFT_EMIT_LOC_STRINGS = YES;
				SWIFT_VERSION = 5.0;
				TARGETED_DEVICE_FAMILY = "1,2";
			};
			name = Debug;
		};
		C5182FF0283C8428009A434A /* Release */ = {
			isa = XCBuildConfiguration;
			baseConfigurationReference = B191745C75319EB5EA1DE8A7 /* Pods-GitHubRepository.release.xcconfig */;
			buildSettings = {
				ASSETCATALOG_COMPILER_APPICON_NAME = AppIcon;
				ASSETCATALOG_COMPILER_GLOBAL_ACCENT_COLOR_NAME = AccentColor;
				CODE_SIGN_STYLE = Automatic;
				CURRENT_PROJECT_VERSION = 1;
				DEVELOPMENT_TEAM = 2QHZXV9AND;
				GENERATE_INFOPLIST_FILE = YES;
				INFOPLIST_FILE = GitHubRepository/Info.plist;
				INFOPLIST_KEY_UIApplicationSupportsIndirectInputEvents = YES;
				INFOPLIST_KEY_UILaunchStoryboardName = LaunchScreen;
				INFOPLIST_KEY_UISupportedInterfaceOrientations_iPad = "UIInterfaceOrientationPortrait UIInterfaceOrientationPortraitUpsideDown UIInterfaceOrientationLandscapeLeft UIInterfaceOrientationLandscapeRight";
				INFOPLIST_KEY_UISupportedInterfaceOrientations_iPhone = "UIInterfaceOrientationPortrait UIInterfaceOrientationLandscapeLeft UIInterfaceOrientationLandscapeRight";
				LD_RUNPATH_SEARCH_PATHS = (
					"$(inherited)",
					"@executable_path/Frameworks",
				);
				MARKETING_VERSION = 1.0;
				PRODUCT_BUNDLE_IDENTIFIER = com.GitHubRepository;
				PRODUCT_NAME = "$(TARGET_NAME)";
				SWIFT_EMIT_LOC_STRINGS = YES;
				SWIFT_VERSION = 5.0;
				TARGETED_DEVICE_FAMILY = "1,2";
			};
			name = Release;
		};
/* End XCBuildConfiguration section */

/* Begin XCConfigurationList section */
		C5182FD5283C8427009A434A /* Build configuration list for PBXProject "GitHubRepository" */ = {
			isa = XCConfigurationList;
			buildConfigurations = (
				C5182FEC283C8428009A434A /* Debug */,
				C5182FED283C8428009A434A /* Release */,
			);
			defaultConfigurationIsVisible = 0;
			defaultConfigurationName = Release;
		};
		C5182FEE283C8428009A434A /* Build configuration list for PBXNativeTarget "GitHubRepository" */ = {
			isa = XCConfigurationList;
			buildConfigurations = (
				C5182FEF283C8428009A434A /* Debug */,
				C5182FF0283C8428009A434A /* Release */,
			);
			defaultConfigurationIsVisible = 0;
			defaultConfigurationName = Release;
		};
/* End XCConfigurationList section */

/* Begin XCRemoteSwiftPackageReference section */
		C5281AC12845A8C70096086D /* XCRemoteSwiftPackageReference "SnapKit" */ = {
			isa = XCRemoteSwiftPackageReference;
			repositoryURL = "https://github.com/SnapKit/SnapKit.git";
			requirement = {
				kind = upToNextMajorVersion;
				minimumVersion = 5.0.0;
			};
		};
/* End XCRemoteSwiftPackageReference section */

/* Begin XCSwiftPackageProductDependency section */
		C5281AC22845A8C70096086D /* SnapKit */ = {
			isa = XCSwiftPackageProductDependency;
			package = C5281AC12845A8C70096086D /* XCRemoteSwiftPackageReference "SnapKit" */;
			productName = SnapKit;
		};
/* End XCSwiftPackageProductDependency section */
	};
	rootObject = C5182FD2283C8427009A434A /* Project object */;
}
