// !$*UTF8*$!
{
	archiveVersion = 1;
	classes = {
	};
	objectVersion = 55;
	objects = {

/* Begin PBXBuildFile section */
		C52588802817A8CA00170FED /* ContentView.swift in Sources */ = {isa = PBXBuildFile; fileRef = C525887F2817A8CA00170FED /* ContentView.swift */; };
		C5282D38280EA13C0034B979 /* ContentCollectionViewCell.swift in Sources */ = {isa = PBXBuildFile; fileRef = C5282D37280EA13C0034B979 /* ContentCollectionViewCell.swift */; };
		C5282D3A280EA9450034B979 /* ContentCollectionViewHeader.swift in Sources */ = {isa = PBXBuildFile; fileRef = C5282D39280EA9450034B979 /* ContentCollectionViewHeader.swift */; };
		C5293865280EEA7100E99E07 /* ContentCollectionViewRankCell.swift in Sources */ = {isa = PBXBuildFile; fileRef = C5293864280EEA7100E99E07 /* ContentCollectionViewRankCell.swift */; };
		C57CF71A280D474B000044D5 /* AppDelegate.swift in Sources */ = {isa = PBXBuildFile; fileRef = C57CF719280D474B000044D5 /* AppDelegate.swift */; };
		C57CF71C280D474B000044D5 /* SceneDelegate.swift in Sources */ = {isa = PBXBuildFile; fileRef = C57CF71B280D474B000044D5 /* SceneDelegate.swift */; };
		C57CF723280D474D000044D5 /* Assets.xcassets in Resources */ = {isa = PBXBuildFile; fileRef = C57CF722280D474D000044D5 /* Assets.xcassets */; };
		C57CF726280D474D000044D5 /* LaunchScreen.storyboard in Resources */ = {isa = PBXBuildFile; fileRef = C57CF724280D474D000044D5 /* LaunchScreen.storyboard */; };
		C57CF72E280D4909000044D5 /* HomeViewController.swift in Sources */ = {isa = PBXBuildFile; fileRef = C57CF72D280D4909000044D5 /* HomeViewController.swift */; };
		C57CF731280D50EA000044D5 /* SnapKit in Frameworks */ = {isa = PBXBuildFile; productRef = C57CF730280D50EA000044D5 /* SnapKit */; };
		C57CF733280D687B000044D5 /* Content.plist in Resources */ = {isa = PBXBuildFile; fileRef = C57CF732280D687B000044D5 /* Content.plist */; };
		C57CF735280D68DF000044D5 /* Content.swift in Sources */ = {isa = PBXBuildFile; fileRef = C57CF734280D68DF000044D5 /* Content.swift */; };
		C5925D682817ADE500C362AD /* ContentDetailView.swift in Sources */ = {isa = PBXBuildFile; fileRef = C5925D672817ADE500C362AD /* ContentDetailView.swift */; };
		C5949CC7281044BC00A000FA /* ContentCollctionViewMainCell.swift in Sources */ = {isa = PBXBuildFile; fileRef = C5949CC6281044BC00A000FA /* ContentCollctionViewMainCell.swift */; };
		C5949CC928104D2B00A000FA /* UIIButton.swift in Sources */ = {isa = PBXBuildFile; fileRef = C5949CC828104D2B00A000FA /* UIIButton.swift */; };
/* End PBXBuildFile section */

/* Begin PBXFileReference section */
		C525887F2817A8CA00170FED /* ContentView.swift */ = {isa = PBXFileReference; lastKnownFileType = sourcecode.swift; path = ContentView.swift; sourceTree = "<group>"; };
		C5282D37280EA13C0034B979 /* ContentCollectionViewCell.swift */ = {isa = PBXFileReference; lastKnownFileType = sourcecode.swift; path = ContentCollectionViewCell.swift; sourceTree = "<group>"; };
		C5282D39280EA9450034B979 /* ContentCollectionViewHeader.swift */ = {isa = PBXFileReference; lastKnownFileType = sourcecode.swift; path = ContentCollectionViewHeader.swift; sourceTree = "<group>"; };
		C5293864280EEA7100E99E07 /* ContentCollectionViewRankCell.swift */ = {isa = PBXFileReference; lastKnownFileType = sourcecode.swift; path = ContentCollectionViewRankCell.swift; sourceTree = "<group>"; };
		C57CF716280D474B000044D5 /* NetflixStyleSampleApp.app */ = {isa = PBXFileReference; explicitFileType = wrapper.application; includeInIndex = 0; path = NetflixStyleSampleApp.app; sourceTree = BUILT_PRODUCTS_DIR; };
		C57CF719280D474B000044D5 /* AppDelegate.swift */ = {isa = PBXFileReference; lastKnownFileType = sourcecode.swift; path = AppDelegate.swift; sourceTree = "<group>"; };
		C57CF71B280D474B000044D5 /* SceneDelegate.swift */ = {isa = PBXFileReference; lastKnownFileType = sourcecode.swift; path = SceneDelegate.swift; sourceTree = "<group>"; };
		C57CF722280D474D000044D5 /* Assets.xcassets */ = {isa = PBXFileReference; lastKnownFileType = folder.assetcatalog; path = Assets.xcassets; sourceTree = "<group>"; };
		C57CF725280D474D000044D5 /* Base */ = {isa = PBXFileReference; lastKnownFileType = file.storyboard; name = Base; path = Base.lproj/LaunchScreen.storyboard; sourceTree = "<group>"; };
		C57CF727280D474D000044D5 /* Info.plist */ = {isa = PBXFileReference; lastKnownFileType = text.plist.xml; path = Info.plist; sourceTree = "<group>"; };
		C57CF72D280D4909000044D5 /* HomeViewController.swift */ = {isa = PBXFileReference; lastKnownFileType = sourcecode.swift; path = HomeViewController.swift; sourceTree = "<group>"; };
		C57CF732280D687B000044D5 /* Content.plist */ = {isa = PBXFileReference; fileEncoding = 4; lastKnownFileType = text.plist.xml; name = Content.plist; path = "../../../../../../Downloads/Part 3/Ch6_NetflixStyle/Content.plist"; sourceTree = "<group>"; };
		C57CF734280D68DF000044D5 /* Content.swift */ = {isa = PBXFileReference; lastKnownFileType = sourcecode.swift; path = Content.swift; sourceTree = "<group>"; };
		C5925D672817ADE500C362AD /* ContentDetailView.swift */ = {isa = PBXFileReference; lastKnownFileType = sourcecode.swift; path = ContentDetailView.swift; sourceTree = "<group>"; };
		C5949CC6281044BC00A000FA /* ContentCollctionViewMainCell.swift */ = {isa = PBXFileReference; lastKnownFileType = sourcecode.swift; path = ContentCollctionViewMainCell.swift; sourceTree = "<group>"; };
		C5949CC828104D2B00A000FA /* UIIButton.swift */ = {isa = PBXFileReference; lastKnownFileType = sourcecode.swift; path = UIIButton.swift; sourceTree = "<group>"; };
/* End PBXFileReference section */

/* Begin PBXFrameworksBuildPhase section */
		C57CF713280D474B000044D5 /* Frameworks */ = {
			isa = PBXFrameworksBuildPhase;
			buildActionMask = 2147483647;
			files = (
				C57CF731280D50EA000044D5 /* SnapKit in Frameworks */,
			);
			runOnlyForDeploymentPostprocessing = 0;
		};
/* End PBXFrameworksBuildPhase section */

/* Begin PBXGroup section */
		C57CF70D280D474B000044D5 = {
			isa = PBXGroup;
			children = (
				C57CF718280D474B000044D5 /* NetflixStyleSampleApp */,
				C57CF717280D474B000044D5 /* Products */,
			);
			sourceTree = "<group>";
		};
		C57CF717280D474B000044D5 /* Products */ = {
			isa = PBXGroup;
			children = (
				C57CF716280D474B000044D5 /* NetflixStyleSampleApp.app */,
			);
			name = Products;
			sourceTree = "<group>";
		};
		C57CF718280D474B000044D5 /* NetflixStyleSampleApp */ = {
			isa = PBXGroup;
			children = (
				C57CF719280D474B000044D5 /* AppDelegate.swift */,
				C57CF71B280D474B000044D5 /* SceneDelegate.swift */,
				C57CF722280D474D000044D5 /* Assets.xcassets */,
				C57CF724280D474D000044D5 /* LaunchScreen.storyboard */,
				C57CF727280D474D000044D5 /* Info.plist */,
				C57CF72D280D4909000044D5 /* HomeViewController.swift */,
				C57CF732280D687B000044D5 /* Content.plist */,
				C57CF734280D68DF000044D5 /* Content.swift */,
				C5282D37280EA13C0034B979 /* ContentCollectionViewCell.swift */,
				C5282D39280EA9450034B979 /* ContentCollectionViewHeader.swift */,
				C5293864280EEA7100E99E07 /* ContentCollectionViewRankCell.swift */,
				C5949CC6281044BC00A000FA /* ContentCollctionViewMainCell.swift */,
				C5949CC828104D2B00A000FA /* UIIButton.swift */,
				C525887F2817A8CA00170FED /* ContentView.swift */,
				C5925D672817ADE500C362AD /* ContentDetailView.swift */,
			);
			path = NetflixStyleSampleApp;
			sourceTree = "<group>";
		};
/* End PBXGroup section */

/* Begin PBXNativeTarget section */
		C57CF715280D474B000044D5 /* NetflixStyleSampleApp */ = {
			isa = PBXNativeTarget;
			buildConfigurationList = C57CF72A280D474D000044D5 /* Build configuration list for PBXNativeTarget "NetflixStyleSampleApp" */;
			buildPhases = (
				C57CF712280D474B000044D5 /* Sources */,
				C57CF713280D474B000044D5 /* Frameworks */,
				C57CF714280D474B000044D5 /* Resources */,
			);
			buildRules = (
			);
			dependencies = (
			);
			name = NetflixStyleSampleApp;
			packageProductDependencies = (
				C57CF730280D50EA000044D5 /* SnapKit */,
			);
			productName = NetflixStyleSampleApp;
			productReference = C57CF716280D474B000044D5 /* NetflixStyleSampleApp.app */;
			productType = "com.apple.product-type.application";
		};
/* End PBXNativeTarget section */

/* Begin PBXProject section */
		C57CF70E280D474B000044D5 /* Project object */ = {
			isa = PBXProject;
			attributes = {
				BuildIndependentTargetsInParallel = 1;
				LastSwiftUpdateCheck = 1320;
				LastUpgradeCheck = 1320;
				TargetAttributes = {
					C57CF715280D474B000044D5 = {
						CreatedOnToolsVersion = 13.2.1;
					};
				};
			};
			buildConfigurationList = C57CF711280D474B000044D5 /* Build configuration list for PBXProject "NetflixStyleSampleApp" */;
			compatibilityVersion = "Xcode 13.0";
			developmentRegion = en;
			hasScannedForEncodings = 0;
			knownRegions = (
				en,
				Base,
			);
			mainGroup = C57CF70D280D474B000044D5;
			packageReferences = (
				C57CF72F280D50E9000044D5 /* XCRemoteSwiftPackageReference "SnapKit" */,
			);
			productRefGroup = C57CF717280D474B000044D5 /* Products */;
			projectDirPath = "";
			projectRoot = "";
			targets = (
				C57CF715280D474B000044D5 /* NetflixStyleSampleApp */,
			);
		};
/* End PBXProject section */

/* Begin PBXResourcesBuildPhase section */
		C57CF714280D474B000044D5 /* Resources */ = {
			isa = PBXResourcesBuildPhase;
			buildActionMask = 2147483647;
			files = (
				C57CF726280D474D000044D5 /* LaunchScreen.storyboard in Resources */,
				C57CF723280D474D000044D5 /* Assets.xcassets in Resources */,
				C57CF733280D687B000044D5 /* Content.plist in Resources */,
			);
			runOnlyForDeploymentPostprocessing = 0;
		};
/* End PBXResourcesBuildPhase section */

/* Begin PBXSourcesBuildPhase section */
		C57CF712280D474B000044D5 /* Sources */ = {
			isa = PBXSourcesBuildPhase;
			buildActionMask = 2147483647;
			files = (
				C57CF71A280D474B000044D5 /* AppDelegate.swift in Sources */,
				C5925D682817ADE500C362AD /* ContentDetailView.swift in Sources */,
				C5282D3A280EA9450034B979 /* ContentCollectionViewHeader.swift in Sources */,
				C57CF71C280D474B000044D5 /* SceneDelegate.swift in Sources */,
				C5949CC7281044BC00A000FA /* ContentCollctionViewMainCell.swift in Sources */,
				C5949CC928104D2B00A000FA /* UIIButton.swift in Sources */,
				C5293865280EEA7100E99E07 /* ContentCollectionViewRankCell.swift in Sources */,
				C52588802817A8CA00170FED /* ContentView.swift in Sources */,
				C57CF72E280D4909000044D5 /* HomeViewController.swift in Sources */,
				C57CF735280D68DF000044D5 /* Content.swift in Sources */,
				C5282D38280EA13C0034B979 /* ContentCollectionViewCell.swift in Sources */,
			);
			runOnlyForDeploymentPostprocessing = 0;
		};
/* End PBXSourcesBuildPhase section */

/* Begin PBXVariantGroup section */
		C57CF724280D474D000044D5 /* LaunchScreen.storyboard */ = {
			isa = PBXVariantGroup;
			children = (
				C57CF725280D474D000044D5 /* Base */,
			);
			name = LaunchScreen.storyboard;
			sourceTree = "<group>";
		};
/* End PBXVariantGroup section */

/* Begin XCBuildConfiguration section */
		C57CF728280D474D000044D5 /* Debug */ = {
			isa = XCBuildConfiguration;
			buildSettings = {
				ALWAYS_SEARCH_USER_PATHS = NO;
				CLANG_ANALYZER_NONNULL = YES;
				CLANG_ANALYZER_NUMBER_OBJECT_CONVERSION = YES_AGGRESSIVE;
				CLANG_CXX_LANGUAGE_STANDARD = "gnu++17";
				CLANG_CXX_LIBRARY = "libc++";
				CLANG_ENABLE_MODULES = YES;
				CLANG_ENABLE_OBJC_ARC = YES;
				CLANG_ENABLE_OBJC_WEAK = YES;
				CLANG_WARN_BLOCK_CAPTURE_AUTORELEASING = YES;
				CLANG_WARN_BOOL_CONVERSION = YES;
				CLANG_WARN_COMMA = YES;
				CLANG_WARN_CONSTANT_CONVERSION = YES;
				CLANG_WARN_DEPRECATED_OBJC_IMPLEMENTATIONS = YES;
				CLANG_WARN_DIRECT_OBJC_ISA_USAGE = YES_ERROR;
				CLANG_WARN_DOCUMENTATION_COMMENTS = YES;
				CLANG_WARN_EMPTY_BODY = YES;
				CLANG_WARN_ENUM_CONVERSION = YES;
				CLANG_WARN_INFINITE_RECURSION = YES;
				CLANG_WARN_INT_CONVERSION = YES;
				CLANG_WARN_NON_LITERAL_NULL_CONVERSION = YES;
				CLANG_WARN_OBJC_IMPLICIT_RETAIN_SELF = YES;
				CLANG_WARN_OBJC_LITERAL_CONVERSION = YES;
				CLANG_WARN_OBJC_ROOT_CLASS = YES_ERROR;
				CLANG_WARN_QUOTED_INCLUDE_IN_FRAMEWORK_HEADER = YES;
				CLANG_WARN_RANGE_LOOP_ANALYSIS = YES;
				CLANG_WARN_STRICT_PROTOTYPES = YES;
				CLANG_WARN_SUSPICIOUS_MOVE = YES;
				CLANG_WARN_UNGUARDED_AVAILABILITY = YES_AGGRESSIVE;
				CLANG_WARN_UNREACHABLE_CODE = YES;
				CLANG_WARN__DUPLICATE_METHOD_MATCH = YES;
				COPY_PHASE_STRIP = NO;
				DEBUG_INFORMATION_FORMAT = dwarf;
				ENABLE_STRICT_OBJC_MSGSEND = YES;
				ENABLE_TESTABILITY = YES;
				GCC_C_LANGUAGE_STANDARD = gnu11;
				GCC_DYNAMIC_NO_PIC = NO;
				GCC_NO_COMMON_BLOCKS = YES;
				GCC_OPTIMIZATION_LEVEL = 0;
				GCC_PREPROCESSOR_DEFINITIONS = (
					"DEBUG=1",
					"$(inherited)",
				);
				GCC_WARN_64_TO_32_BIT_CONVERSION = YES;
				GCC_WARN_ABOUT_RETURN_TYPE = YES_ERROR;
				GCC_WARN_UNDECLARED_SELECTOR = YES;
				GCC_WARN_UNINITIALIZED_AUTOS = YES_AGGRESSIVE;
				GCC_WARN_UNUSED_FUNCTION = YES;
				GCC_WARN_UNUSED_VARIABLE = YES;
				IPHONEOS_DEPLOYMENT_TARGET = 15.2;
				MTL_ENABLE_DEBUG_INFO = INCLUDE_SOURCE;
				MTL_FAST_MATH = YES;
				ONLY_ACTIVE_ARCH = YES;
				SDKROOT = iphoneos;
				SWIFT_ACTIVE_COMPILATION_CONDITIONS = DEBUG;
				SWIFT_OPTIMIZATION_LEVEL = "-Onone";
			};
			name = Debug;
		};
		C57CF729280D474D000044D5 /* Release */ = {
			isa = XCBuildConfiguration;
			buildSettings = {
				ALWAYS_SEARCH_USER_PATHS = NO;
				CLANG_ANALYZER_NONNULL = YES;
				CLANG_ANALYZER_NUMBER_OBJECT_CONVERSION = YES_AGGRESSIVE;
				CLANG_CXX_LANGUAGE_STANDARD = "gnu++17";
				CLANG_CXX_LIBRARY = "libc++";
				CLANG_ENABLE_MODULES = YES;
				CLANG_ENABLE_OBJC_ARC = YES;
				CLANG_ENABLE_OBJC_WEAK = YES;
				CLANG_WARN_BLOCK_CAPTURE_AUTORELEASING = YES;
				CLANG_WARN_BOOL_CONVERSION = YES;
				CLANG_WARN_COMMA = YES;
				CLANG_WARN_CONSTANT_CONVERSION = YES;
				CLANG_WARN_DEPRECATED_OBJC_IMPLEMENTATIONS = YES;
				CLANG_WARN_DIRECT_OBJC_ISA_USAGE = YES_ERROR;
				CLANG_WARN_DOCUMENTATION_COMMENTS = YES;
				CLANG_WARN_EMPTY_BODY = YES;
				CLANG_WARN_ENUM_CONVERSION = YES;
				CLANG_WARN_INFINITE_RECURSION = YES;
				CLANG_WARN_INT_CONVERSION = YES;
				CLANG_WARN_NON_LITERAL_NULL_CONVERSION = YES;
				CLANG_WARN_OBJC_IMPLICIT_RETAIN_SELF = YES;
				CLANG_WARN_OBJC_LITERAL_CONVERSION = YES;
				CLANG_WARN_OBJC_ROOT_CLASS = YES_ERROR;
				CLANG_WARN_QUOTED_INCLUDE_IN_FRAMEWORK_HEADER = YES;
				CLANG_WARN_RANGE_LOOP_ANALYSIS = YES;
				CLANG_WARN_STRICT_PROTOTYPES = YES;
				CLANG_WARN_SUSPICIOUS_MOVE = YES;
				CLANG_WARN_UNGUARDED_AVAILABILITY = YES_AGGRESSIVE;
				CLANG_WARN_UNREACHABLE_CODE = YES;
				CLANG_WARN__DUPLICATE_METHOD_MATCH = YES;
				COPY_PHASE_STRIP = NO;
				DEBUG_INFORMATION_FORMAT = "dwarf-with-dsym";
				ENABLE_NS_ASSERTIONS = NO;
				ENABLE_STRICT_OBJC_MSGSEND = YES;
				GCC_C_LANGUAGE_STANDARD = gnu11;
				GCC_NO_COMMON_BLOCKS = YES;
				GCC_WARN_64_TO_32_BIT_CONVERSION = YES;
				GCC_WARN_ABOUT_RETURN_TYPE = YES_ERROR;
				GCC_WARN_UNDECLARED_SELECTOR = YES;
				GCC_WARN_UNINITIALIZED_AUTOS = YES_AGGRESSIVE;
				GCC_WARN_UNUSED_FUNCTION = YES;
				GCC_WARN_UNUSED_VARIABLE = YES;
				IPHONEOS_DEPLOYMENT_TARGET = 15.2;
				MTL_ENABLE_DEBUG_INFO = NO;
				MTL_FAST_MATH = YES;
				SDKROOT = iphoneos;
				SWIFT_COMPILATION_MODE = wholemodule;
				SWIFT_OPTIMIZATION_LEVEL = "-O";
				VALIDATE_PRODUCT = YES;
			};
			name = Release;
		};
		C57CF72B280D474D000044D5 /* Debug */ = {
			isa = XCBuildConfiguration;
			buildSettings = {
				ASSETCATALOG_COMPILER_APPICON_NAME = AppIcon;
				ASSETCATALOG_COMPILER_GLOBAL_ACCENT_COLOR_NAME = AccentColor;
				CODE_SIGN_STYLE = Automatic;
				CURRENT_PROJECT_VERSION = 1;
				GENERATE_INFOPLIST_FILE = YES;
				INFOPLIST_FILE = NetflixStyleSampleApp/Info.plist;
				INFOPLIST_KEY_UIApplicationSupportsIndirectInputEvents = YES;
				INFOPLIST_KEY_UILaunchStoryboardName = LaunchScreen;
				INFOPLIST_KEY_UIMainStoryboardFile = Main;
				INFOPLIST_KEY_UISupportedInterfaceOrientations_iPad = "UIInterfaceOrientationPortrait UIInterfaceOrientationPortraitUpsideDown UIInterfaceOrientationLandscapeLeft UIInterfaceOrientationLandscapeRight";
				INFOPLIST_KEY_UISupportedInterfaceOrientations_iPhone = "UIInterfaceOrientationPortrait UIInterfaceOrientationLandscapeLeft UIInterfaceOrientationLandscapeRight";
				LD_RUNPATH_SEARCH_PATHS = (
					"$(inherited)",
					"@executable_path/Frameworks",
				);
				MARKETING_VERSION = 1.0;
				PRODUCT_BUNDLE_IDENTIFIER = com.NetflixStyleSampleApp;
				PRODUCT_NAME = "$(TARGET_NAME)";
				SWIFT_EMIT_LOC_STRINGS = YES;
				SWIFT_VERSION = 5.0;
				TARGETED_DEVICE_FAMILY = "1,2";
			};
			name = Debug;
		};
		C57CF72C280D474D000044D5 /* Release */ = {
			isa = XCBuildConfiguration;
			buildSettings = {
				ASSETCATALOG_COMPILER_APPICON_NAME = AppIcon;
				ASSETCATALOG_COMPILER_GLOBAL_ACCENT_COLOR_NAME = AccentColor;
				CODE_SIGN_STYLE = Automatic;
				CURRENT_PROJECT_VERSION = 1;
				GENERATE_INFOPLIST_FILE = YES;
				INFOPLIST_FILE = NetflixStyleSampleApp/Info.plist;
				INFOPLIST_KEY_UIApplicationSupportsIndirectInputEvents = YES;
				INFOPLIST_KEY_UILaunchStoryboardName = LaunchScreen;
				INFOPLIST_KEY_UIMainStoryboardFile = Main;
				INFOPLIST_KEY_UISupportedInterfaceOrientations_iPad = "UIInterfaceOrientationPortrait UIInterfaceOrientationPortraitUpsideDown UIInterfaceOrientationLandscapeLeft UIInterfaceOrientationLandscapeRight";
				INFOPLIST_KEY_UISupportedInterfaceOrientations_iPhone = "UIInterfaceOrientationPortrait UIInterfaceOrientationLandscapeLeft UIInterfaceOrientationLandscapeRight";
				LD_RUNPATH_SEARCH_PATHS = (
					"$(inherited)",
					"@executable_path/Frameworks",
				);
				MARKETING_VERSION = 1.0;
				PRODUCT_BUNDLE_IDENTIFIER = com.NetflixStyleSampleApp;
				PRODUCT_NAME = "$(TARGET_NAME)";
				SWIFT_EMIT_LOC_STRINGS = YES;
				SWIFT_VERSION = 5.0;
				TARGETED_DEVICE_FAMILY = "1,2";
			};
			name = Release;
		};
/* End XCBuildConfiguration section */

/* Begin XCConfigurationList section */
		C57CF711280D474B000044D5 /* Build configuration list for PBXProject "NetflixStyleSampleApp" */ = {
			isa = XCConfigurationList;
			buildConfigurations = (
				C57CF728280D474D000044D5 /* Debug */,
				C57CF729280D474D000044D5 /* Release */,
			);
			defaultConfigurationIsVisible = 0;
			defaultConfigurationName = Release;
		};
		C57CF72A280D474D000044D5 /* Build configuration list for PBXNativeTarget "NetflixStyleSampleApp" */ = {
			isa = XCConfigurationList;
			buildConfigurations = (
				C57CF72B280D474D000044D5 /* Debug */,
				C57CF72C280D474D000044D5 /* Release */,
			);
			defaultConfigurationIsVisible = 0;
			defaultConfigurationName = Release;
		};
/* End XCConfigurationList section */

/* Begin XCRemoteSwiftPackageReference section */
		C57CF72F280D50E9000044D5 /* XCRemoteSwiftPackageReference "SnapKit" */ = {
			isa = XCRemoteSwiftPackageReference;
			repositoryURL = "https://github.com/SnapKit/SnapKit.git";
			requirement = {
				kind = upToNextMajorVersion;
				minimumVersion = 5.0.0;
			};
		};
/* End XCRemoteSwiftPackageReference section */

/* Begin XCSwiftPackageProductDependency section */
		C57CF730280D50EA000044D5 /* SnapKit */ = {
			isa = XCSwiftPackageProductDependency;
			package = C57CF72F280D50E9000044D5 /* XCRemoteSwiftPackageReference "SnapKit" */;
			productName = SnapKit;
		};
/* End XCSwiftPackageProductDependency section */
	};
	rootObject = C57CF70E280D474B000044D5 /* Project object */;
}
